// !$*UTF8*$!
{
	archiveVersion = 1;
	classes = {
	};
	objectVersion = 60;
	objects = {

/* Begin PBXBuildFile section */
		42091DCC2BA2D64C006BA897 /* ImageFileManager.swift in Sources */ = {isa = PBXBuildFile; fileRef = 42091DCB2BA2D64C006BA897 /* ImageFileManager.swift */; };
		42091DCF2BA2E469006BA897 /* ProfileManagerViewModel.swift in Sources */ = {isa = PBXBuildFile; fileRef = 42091DCE2BA2E469006BA897 /* ProfileManagerViewModel.swift */; };
		42091DD52BA579A5006BA897 /* RealmPosterQuiz.swift in Sources */ = {isa = PBXBuildFile; fileRef = 42091DD42BA579A5006BA897 /* RealmPosterQuiz.swift */; };
		42091DD92BA58D1E006BA897 /* MakerInfoRepository.swift in Sources */ = {isa = PBXBuildFile; fileRef = 42091DD82BA58D1E006BA897 /* MakerInfoRepository.swift */; };
		42091DDB2BA58DAF006BA897 /* PosterQuizPackageRepository.swift in Sources */ = {isa = PBXBuildFile; fileRef = 42091DDA2BA58DAF006BA897 /* PosterQuizPackageRepository.swift */; };
		42091DE02BA5EAEE006BA897 /* SolvePosterAreaQuizViewController.swift in Sources */ = {isa = PBXBuildFile; fileRef = 42091DDF2BA5EAEE006BA897 /* SolvePosterAreaQuizViewController.swift */; };
		42091DE22BA5EB02006BA897 /* SolvePosterAreaQuizViewModel.swift in Sources */ = {isa = PBXBuildFile; fileRef = 42091DE12BA5EB02006BA897 /* SolvePosterAreaQuizViewModel.swift */; };
		42091DE42BA5EB1F006BA897 /* SolvePosterAreaQuizView.swift in Sources */ = {isa = PBXBuildFile; fileRef = 42091DE32BA5EB1F006BA897 /* SolvePosterAreaQuizView.swift */; };
		42091DF82BA7126C006BA897 /* QuizResultViewController.swift in Sources */ = {isa = PBXBuildFile; fileRef = 42091DF72BA7126C006BA897 /* QuizResultViewController.swift */; };
		42091DFA2BA7128B006BA897 /* QuizResultView.swift in Sources */ = {isa = PBXBuildFile; fileRef = 42091DF92BA7128B006BA897 /* QuizResultView.swift */; };
		42091DFC2BA713A3006BA897 /* QuizResultViewModel.swift in Sources */ = {isa = PBXBuildFile; fileRef = 42091DFB2BA713A3006BA897 /* QuizResultViewModel.swift */; };
		422D5F242BAAC5120085E6D0 /* UIFont+Extension.swift in Sources */ = {isa = PBXBuildFile; fileRef = 422D5F232BAAC5120085E6D0 /* UIFont+Extension.swift */; };
		422D5F2F2BAAC6090085E6D0 /* Pretendard-Thin.otf in Resources */ = {isa = PBXBuildFile; fileRef = 422D5F262BAAC6090085E6D0 /* Pretendard-Thin.otf */; };
		422D5F302BAAC6090085E6D0 /* Pretendard-Medium.otf in Resources */ = {isa = PBXBuildFile; fileRef = 422D5F272BAAC6090085E6D0 /* Pretendard-Medium.otf */; };
		422D5F312BAAC6090085E6D0 /* Pretendard-ExtraLight.otf in Resources */ = {isa = PBXBuildFile; fileRef = 422D5F282BAAC6090085E6D0 /* Pretendard-ExtraLight.otf */; };
		422D5F322BAAC6090085E6D0 /* Pretendard-Light.otf in Resources */ = {isa = PBXBuildFile; fileRef = 422D5F292BAAC6090085E6D0 /* Pretendard-Light.otf */; };
		422D5F332BAAC6090085E6D0 /* Pretendard-ExtraBold.otf in Resources */ = {isa = PBXBuildFile; fileRef = 422D5F2A2BAAC6090085E6D0 /* Pretendard-ExtraBold.otf */; };
		422D5F342BAAC6090085E6D0 /* Pretendard-Regular.otf in Resources */ = {isa = PBXBuildFile; fileRef = 422D5F2B2BAAC6090085E6D0 /* Pretendard-Regular.otf */; };
		422D5F352BAAC6090085E6D0 /* Pretendard-Bold.otf in Resources */ = {isa = PBXBuildFile; fileRef = 422D5F2C2BAAC6090085E6D0 /* Pretendard-Bold.otf */; };
		422D5F362BAAC6090085E6D0 /* Pretendard-Black.otf in Resources */ = {isa = PBXBuildFile; fileRef = 422D5F2D2BAAC6090085E6D0 /* Pretendard-Black.otf */; };
		422D5F372BAAC6090085E6D0 /* Pretendard-SemiBold.otf in Resources */ = {isa = PBXBuildFile; fileRef = 422D5F2E2BAAC6090085E6D0 /* Pretendard-SemiBold.otf */; };
		422D5F392BAACA7B0085E6D0 /* Level.swift in Sources */ = {isa = PBXBuildFile; fileRef = 422D5F382BAACA7B0085E6D0 /* Level.swift */; };
		422D5F3C2BAAE81B0085E6D0 /* FirebaseAnalyticsWithoutAdIdSupport in Frameworks */ = {isa = PBXBuildFile; productRef = 422D5F3B2BAAE81B0085E6D0 /* FirebaseAnalyticsWithoutAdIdSupport */; };
		422D5F3E2BAAE81B0085E6D0 /* FirebaseCrashlytics in Frameworks */ = {isa = PBXBuildFile; productRef = 422D5F3D2BAAE81B0085E6D0 /* FirebaseCrashlytics */; };
		422D5F402BAAE81B0085E6D0 /* FirebaseMessaging in Frameworks */ = {isa = PBXBuildFile; productRef = 422D5F3F2BAAE81B0085E6D0 /* FirebaseMessaging */; };
		422D5F452BAAEC440085E6D0 /* GoogleService-Info.plist in Resources */ = {isa = PBXBuildFile; fileRef = 422D5F442BAAEC440085E6D0 /* GoogleService-Info.plist */; };
		422D5F492BAB09A50085E6D0 /* MovieCardCollectionViewCell.swift in Sources */ = {isa = PBXBuildFile; fileRef = 422D5F482BAB09A50085E6D0 /* MovieCardCollectionViewCell.swift */; };
		42570E502B9983920042B338 /* AppDelegate.swift in Sources */ = {isa = PBXBuildFile; fileRef = 42570E4F2B9983920042B338 /* AppDelegate.swift */; };
		42570E522B9983920042B338 /* SceneDelegate.swift in Sources */ = {isa = PBXBuildFile; fileRef = 42570E512B9983920042B338 /* SceneDelegate.swift */; };
		42570E542B9983920042B338 /* MovieSearchViewController.swift in Sources */ = {isa = PBXBuildFile; fileRef = 42570E532B9983920042B338 /* MovieSearchViewController.swift */; };
		42570E592B9983950042B338 /* Assets.xcassets in Resources */ = {isa = PBXBuildFile; fileRef = 42570E582B9983950042B338 /* Assets.xcassets */; };
		42570E5C2B9983950042B338 /* LaunchScreen.storyboard in Resources */ = {isa = PBXBuildFile; fileRef = 42570E5A2B9983950042B338 /* LaunchScreen.storyboard */; };
		42570E642B9986060042B338 /* .gitignore in Resources */ = {isa = PBXBuildFile; fileRef = 42570E632B9986060042B338 /* .gitignore */; };
		42AD0D432B9AF8CD002B8A48 /* Alamofire in Frameworks */ = {isa = PBXBuildFile; productRef = 42AD0D422B9AF8CD002B8A48 /* Alamofire */; };
		42AD0D462B9AF8D3002B8A48 /* Kingfisher in Frameworks */ = {isa = PBXBuildFile; productRef = 42AD0D452B9AF8D3002B8A48 /* Kingfisher */; };
		42AD0D492B9AF8DC002B8A48 /* SnapKit in Frameworks */ = {isa = PBXBuildFile; productRef = 42AD0D482B9AF8DC002B8A48 /* SnapKit */; };
		42AD0D4C2B9AF8F6002B8A48 /* Realm in Frameworks */ = {isa = PBXBuildFile; productRef = 42AD0D4B2B9AF8F6002B8A48 /* Realm */; };
		42AD0D4E2B9AF8F6002B8A48 /* RealmSwift in Frameworks */ = {isa = PBXBuildFile; productRef = 42AD0D4D2B9AF8F6002B8A48 /* RealmSwift */; };
		42AD0D542B9AFA33002B8A48 /* BaseViewController.swift in Sources */ = {isa = PBXBuildFile; fileRef = 42AD0D532B9AFA33002B8A48 /* BaseViewController.swift */; };
		42AD0D562B9AFAD9002B8A48 /* BaseView.swift in Sources */ = {isa = PBXBuildFile; fileRef = 42AD0D552B9AFAD9002B8A48 /* BaseView.swift */; };
		42AD0D582B9AFB53002B8A48 /* BaseCollectionViewCell.swift in Sources */ = {isa = PBXBuildFile; fileRef = 42AD0D572B9AFB53002B8A48 /* BaseCollectionViewCell.swift */; };
		42AD0D5A2B9AFB9F002B8A48 /* UIColor+Extension.swift in Sources */ = {isa = PBXBuildFile; fileRef = 42AD0D592B9AFB9F002B8A48 /* UIColor+Extension.swift */; };
		42AD0D5C2B9AFBD6002B8A48 /* UIView+Extension.swift in Sources */ = {isa = PBXBuildFile; fileRef = 42AD0D5B2B9AFBD6002B8A48 /* UIView+Extension.swift */; };
		42AD0D632B9AFDCB002B8A48 /* SearchMovie.swift in Sources */ = {isa = PBXBuildFile; fileRef = 42AD0D622B9AFDCB002B8A48 /* SearchMovie.swift */; };
		42AD0D652B9B00AD002B8A48 /* TMDBAPIManager.swift in Sources */ = {isa = PBXBuildFile; fileRef = 42AD0D642B9B00AD002B8A48 /* TMDBAPIManager.swift */; };
		42AD0D672B9B00EE002B8A48 /* Router.swift in Sources */ = {isa = PBXBuildFile; fileRef = 42AD0D662B9B00EE002B8A48 /* Router.swift */; };
		42AD0D692B9B010F002B8A48 /* APIKey.swift in Sources */ = {isa = PBXBuildFile; fileRef = 42AD0D682B9B010F002B8A48 /* APIKey.swift */; };
		42AD0D6C2B9B09AD002B8A48 /* MovieSearchView.swift in Sources */ = {isa = PBXBuildFile; fileRef = 42AD0D6B2B9B09AD002B8A48 /* MovieSearchView.swift */; };
		42AD0D6E2B9B09E9002B8A48 /* MovieSearchViewModel.swift in Sources */ = {isa = PBXBuildFile; fileRef = 42AD0D6D2B9B09E9002B8A48 /* MovieSearchViewModel.swift */; };
		42AD0D712B9B0AEA002B8A48 /* Observable.swift in Sources */ = {isa = PBXBuildFile; fileRef = 42AD0D702B9B0AEA002B8A48 /* Observable.swift */; };
		42AD0D7A2B9B1306002B8A48 /* Localizable.xcstrings in Resources */ = {isa = PBXBuildFile; fileRef = 42AD0D792B9B1306002B8A48 /* Localizable.xcstrings */; };
		42AD0D7D2B9B132D002B8A48 /* String+Extension.swift in Sources */ = {isa = PBXBuildFile; fileRef = 42AD0D7C2B9B132D002B8A48 /* String+Extension.swift */; };
		42AD0D802B9C695A002B8A48 /* PosterURL.swift in Sources */ = {isa = PBXBuildFile; fileRef = 42AD0D7F2B9C695A002B8A48 /* PosterURL.swift */; };
		42AD0D852B9D8BC7002B8A48 /* MovieInfoCollectionViewCell.swift in Sources */ = {isa = PBXBuildFile; fileRef = 42AD0D842B9D8BC7002B8A48 /* MovieInfoCollectionViewCell.swift */; };
		42AD0D882B9D95C5002B8A48 /* MainTabBarController.swift in Sources */ = {isa = PBXBuildFile; fileRef = 42AD0D872B9D95C5002B8A48 /* MainTabBarController.swift */; };
		42AD0D8A2B9DAF55002B8A48 /* UIViewController+Extension.swift in Sources */ = {isa = PBXBuildFile; fileRef = 42AD0D892B9DAF55002B8A48 /* UIViewController+Extension.swift */; };
		42B7EC492B9ED56A00AE0F52 /* SettingViewController.swift in Sources */ = {isa = PBXBuildFile; fileRef = 42B7EC482B9ED56A00AE0F52 /* SettingViewController.swift */; };
		42B7EC4C2B9ED58B00AE0F52 /* QuizListViewController.swift in Sources */ = {isa = PBXBuildFile; fileRef = 42B7EC4B2B9ED58B00AE0F52 /* QuizListViewController.swift */; };
		42B7EC4F2B9EE69300AE0F52 /* MakePosterAreaQuizViewController.swift in Sources */ = {isa = PBXBuildFile; fileRef = 42B7EC4E2B9EE69300AE0F52 /* MakePosterAreaQuizViewController.swift */; };
		42B7EC512B9EE77B00AE0F52 /* MakePosterAreaQuizView.swift in Sources */ = {isa = PBXBuildFile; fileRef = 42B7EC502B9EE77B00AE0F52 /* MakePosterAreaQuizView.swift */; };
		42B7EC532B9EF46E00AE0F52 /* SetProfileViewController.swift in Sources */ = {isa = PBXBuildFile; fileRef = 42B7EC522B9EF46E00AE0F52 /* SetProfileViewController.swift */; };
		42B7EC552B9EF49C00AE0F52 /* SetProfileView.swift in Sources */ = {isa = PBXBuildFile; fileRef = 42B7EC542B9EF49C00AE0F52 /* SetProfileView.swift */; };
		42B7EC582B9EF7D100AE0F52 /* TextFieldEffects in Frameworks */ = {isa = PBXBuildFile; productRef = 42B7EC572B9EF7D100AE0F52 /* TextFieldEffects */; };
		42B7EC5B2B9EF82200AE0F52 /* RoundImageView.swift in Sources */ = {isa = PBXBuildFile; fileRef = 42B7EC5A2B9EF82200AE0F52 /* RoundImageView.swift */; };
		42B7EC5D2B9F065200AE0F52 /* UserDefaultsManager.swift in Sources */ = {isa = PBXBuildFile; fileRef = 42B7EC5C2B9F065200AE0F52 /* UserDefaultsManager.swift */; };
		42B7EC5F2B9F06E500AE0F52 /* SetProfileViewModel.swift in Sources */ = {isa = PBXBuildFile; fileRef = 42B7EC5E2B9F06E500AE0F52 /* SetProfileViewModel.swift */; };
		42B7EC612B9F0BBD00AE0F52 /* SettingView.swift in Sources */ = {isa = PBXBuildFile; fileRef = 42B7EC602B9F0BBD00AE0F52 /* SettingView.swift */; };
		42B7EC632B9F0D0000AE0F52 /* ProfileSettingCollectionViewCell.swift in Sources */ = {isa = PBXBuildFile; fileRef = 42B7EC622B9F0D0000AE0F52 /* ProfileSettingCollectionViewCell.swift */; };
		42B7EC722BA0251700AE0F52 /* Poster.swift in Sources */ = {isa = PBXBuildFile; fileRef = 42B7EC712BA0251700AE0F52 /* Poster.swift */; };
		42B7EC792BA0290B00AE0F52 /* PosterListView.swift in Sources */ = {isa = PBXBuildFile; fileRef = 42B7EC782BA0290B00AE0F52 /* PosterListView.swift */; };
		42B7EC7B2BA02AB800AE0F52 /* PosterListViewController.swift in Sources */ = {isa = PBXBuildFile; fileRef = 42B7EC7A2BA02AB800AE0F52 /* PosterListViewController.swift */; };
		42B7EC7D2BA02B8400AE0F52 /* PosterListViewModel.swift in Sources */ = {isa = PBXBuildFile; fileRef = 42B7EC7C2BA02B8400AE0F52 /* PosterListViewModel.swift */; };
		42B7EC7F2BA02FB100AE0F52 /* MakeMovieAreaQuizViewModel.swift in Sources */ = {isa = PBXBuildFile; fileRef = 42B7EC7E2BA02FB100AE0F52 /* MakeMovieAreaQuizViewModel.swift */; };
		42B7EC832BA178FF00AE0F52 /* PosterQuiz.swift in Sources */ = {isa = PBXBuildFile; fileRef = 42B7EC822BA178FF00AE0F52 /* PosterQuiz.swift */; };
		42B7EC852BA1A06100AE0F52 /* QuizListViewModel.swift in Sources */ = {isa = PBXBuildFile; fileRef = 42B7EC842BA1A06100AE0F52 /* QuizListViewModel.swift */; };
		42B7EC872BA1A12700AE0F52 /* QuizListView.swift in Sources */ = {isa = PBXBuildFile; fileRef = 42B7EC862BA1A12700AE0F52 /* QuizListView.swift */; };
		42B7EC8A2BA1A14000AE0F52 /* CollectionViewPagingLayout in Frameworks */ = {isa = PBXBuildFile; productRef = 42B7EC892BA1A14000AE0F52 /* CollectionViewPagingLayout */; };
		42B7EC8C2BA1A3BE00AE0F52 /* QuizCardCollectionViewCell.swift in Sources */ = {isa = PBXBuildFile; fileRef = 42B7EC8B2BA1A3BE00AE0F52 /* QuizCardCollectionViewCell.swift */; };
/* End PBXBuildFile section */

/* Begin PBXFileReference section */
		42091DCB2BA2D64C006BA897 /* ImageFileManager.swift */ = {isa = PBXFileReference; lastKnownFileType = sourcecode.swift; path = ImageFileManager.swift; sourceTree = "<group>"; };
		42091DCE2BA2E469006BA897 /* ProfileManagerViewModel.swift */ = {isa = PBXFileReference; lastKnownFileType = sourcecode.swift; path = ProfileManagerViewModel.swift; sourceTree = "<group>"; };
		42091DD42BA579A5006BA897 /* RealmPosterQuiz.swift */ = {isa = PBXFileReference; lastKnownFileType = sourcecode.swift; path = RealmPosterQuiz.swift; sourceTree = "<group>"; };
		42091DD82BA58D1E006BA897 /* MakerInfoRepository.swift */ = {isa = PBXFileReference; lastKnownFileType = sourcecode.swift; path = MakerInfoRepository.swift; sourceTree = "<group>"; };
		42091DDA2BA58DAF006BA897 /* PosterQuizPackageRepository.swift */ = {isa = PBXFileReference; lastKnownFileType = sourcecode.swift; path = PosterQuizPackageRepository.swift; sourceTree = "<group>"; };
		42091DDF2BA5EAEE006BA897 /* SolvePosterAreaQuizViewController.swift */ = {isa = PBXFileReference; lastKnownFileType = sourcecode.swift; path = SolvePosterAreaQuizViewController.swift; sourceTree = "<group>"; };
		42091DE12BA5EB02006BA897 /* SolvePosterAreaQuizViewModel.swift */ = {isa = PBXFileReference; lastKnownFileType = sourcecode.swift; path = SolvePosterAreaQuizViewModel.swift; sourceTree = "<group>"; };
		42091DE32BA5EB1F006BA897 /* SolvePosterAreaQuizView.swift */ = {isa = PBXFileReference; lastKnownFileType = sourcecode.swift; path = SolvePosterAreaQuizView.swift; sourceTree = "<group>"; };
		42091DF72BA7126C006BA897 /* QuizResultViewController.swift */ = {isa = PBXFileReference; lastKnownFileType = sourcecode.swift; path = QuizResultViewController.swift; sourceTree = "<group>"; };
		42091DF92BA7128B006BA897 /* QuizResultView.swift */ = {isa = PBXFileReference; lastKnownFileType = sourcecode.swift; path = QuizResultView.swift; sourceTree = "<group>"; };
		42091DFB2BA713A3006BA897 /* QuizResultViewModel.swift */ = {isa = PBXFileReference; lastKnownFileType = sourcecode.swift; path = QuizResultViewModel.swift; sourceTree = "<group>"; };
		422D5F232BAAC5120085E6D0 /* UIFont+Extension.swift */ = {isa = PBXFileReference; lastKnownFileType = sourcecode.swift; path = "UIFont+Extension.swift"; sourceTree = "<group>"; };
		422D5F262BAAC6090085E6D0 /* Pretendard-Thin.otf */ = {isa = PBXFileReference; lastKnownFileType = file; path = "Pretendard-Thin.otf"; sourceTree = "<group>"; };
		422D5F272BAAC6090085E6D0 /* Pretendard-Medium.otf */ = {isa = PBXFileReference; lastKnownFileType = file; path = "Pretendard-Medium.otf"; sourceTree = "<group>"; };
		422D5F282BAAC6090085E6D0 /* Pretendard-ExtraLight.otf */ = {isa = PBXFileReference; lastKnownFileType = file; path = "Pretendard-ExtraLight.otf"; sourceTree = "<group>"; };
		422D5F292BAAC6090085E6D0 /* Pretendard-Light.otf */ = {isa = PBXFileReference; lastKnownFileType = file; path = "Pretendard-Light.otf"; sourceTree = "<group>"; };
		422D5F2A2BAAC6090085E6D0 /* Pretendard-ExtraBold.otf */ = {isa = PBXFileReference; lastKnownFileType = file; path = "Pretendard-ExtraBold.otf"; sourceTree = "<group>"; };
		422D5F2B2BAAC6090085E6D0 /* Pretendard-Regular.otf */ = {isa = PBXFileReference; lastKnownFileType = file; path = "Pretendard-Regular.otf"; sourceTree = "<group>"; };
		422D5F2C2BAAC6090085E6D0 /* Pretendard-Bold.otf */ = {isa = PBXFileReference; lastKnownFileType = file; path = "Pretendard-Bold.otf"; sourceTree = "<group>"; };
		422D5F2D2BAAC6090085E6D0 /* Pretendard-Black.otf */ = {isa = PBXFileReference; lastKnownFileType = file; path = "Pretendard-Black.otf"; sourceTree = "<group>"; };
		422D5F2E2BAAC6090085E6D0 /* Pretendard-SemiBold.otf */ = {isa = PBXFileReference; lastKnownFileType = file; path = "Pretendard-SemiBold.otf"; sourceTree = "<group>"; };
		422D5F382BAACA7B0085E6D0 /* Level.swift */ = {isa = PBXFileReference; lastKnownFileType = sourcecode.swift; path = Level.swift; sourceTree = "<group>"; };
		422D5F442BAAEC440085E6D0 /* GoogleService-Info.plist */ = {isa = PBXFileReference; fileEncoding = 4; lastKnownFileType = text.plist.xml; path = "GoogleService-Info.plist"; sourceTree = "<group>"; };
		422D5F482BAB09A50085E6D0 /* MovieCardCollectionViewCell.swift */ = {isa = PBXFileReference; lastKnownFileType = sourcecode.swift; path = MovieCardCollectionViewCell.swift; sourceTree = "<group>"; };
		42570E4C2B9983920042B338 /* UQuiz.app */ = {isa = PBXFileReference; explicitFileType = wrapper.application; includeInIndex = 0; path = UQuiz.app; sourceTree = BUILT_PRODUCTS_DIR; };
		42570E4F2B9983920042B338 /* AppDelegate.swift */ = {isa = PBXFileReference; lastKnownFileType = sourcecode.swift; path = AppDelegate.swift; sourceTree = "<group>"; };
		42570E512B9983920042B338 /* SceneDelegate.swift */ = {isa = PBXFileReference; lastKnownFileType = sourcecode.swift; path = SceneDelegate.swift; sourceTree = "<group>"; };
		42570E532B9983920042B338 /* MovieSearchViewController.swift */ = {isa = PBXFileReference; lastKnownFileType = sourcecode.swift; path = MovieSearchViewController.swift; sourceTree = "<group>"; };
		42570E582B9983950042B338 /* Assets.xcassets */ = {isa = PBXFileReference; lastKnownFileType = folder.assetcatalog; path = Assets.xcassets; sourceTree = "<group>"; };
		42570E5B2B9983950042B338 /* Base */ = {isa = PBXFileReference; lastKnownFileType = file.storyboard; name = Base; path = Base.lproj/LaunchScreen.storyboard; sourceTree = "<group>"; };
		42570E5D2B9983950042B338 /* Info.plist */ = {isa = PBXFileReference; lastKnownFileType = text.plist.xml; path = Info.plist; sourceTree = "<group>"; };
		42570E632B9986060042B338 /* .gitignore */ = {isa = PBXFileReference; lastKnownFileType = text; path = .gitignore; sourceTree = "<group>"; };
		42AD0D532B9AFA33002B8A48 /* BaseViewController.swift */ = {isa = PBXFileReference; lastKnownFileType = sourcecode.swift; path = BaseViewController.swift; sourceTree = "<group>"; };
		42AD0D552B9AFAD9002B8A48 /* BaseView.swift */ = {isa = PBXFileReference; lastKnownFileType = sourcecode.swift; path = BaseView.swift; sourceTree = "<group>"; };
		42AD0D572B9AFB53002B8A48 /* BaseCollectionViewCell.swift */ = {isa = PBXFileReference; lastKnownFileType = sourcecode.swift; path = BaseCollectionViewCell.swift; sourceTree = "<group>"; };
		42AD0D592B9AFB9F002B8A48 /* UIColor+Extension.swift */ = {isa = PBXFileReference; lastKnownFileType = sourcecode.swift; path = "UIColor+Extension.swift"; sourceTree = "<group>"; };
		42AD0D5B2B9AFBD6002B8A48 /* UIView+Extension.swift */ = {isa = PBXFileReference; lastKnownFileType = sourcecode.swift; path = "UIView+Extension.swift"; sourceTree = "<group>"; };
		42AD0D622B9AFDCB002B8A48 /* SearchMovie.swift */ = {isa = PBXFileReference; lastKnownFileType = sourcecode.swift; path = SearchMovie.swift; sourceTree = "<group>"; };
		42AD0D642B9B00AD002B8A48 /* TMDBAPIManager.swift */ = {isa = PBXFileReference; lastKnownFileType = sourcecode.swift; path = TMDBAPIManager.swift; sourceTree = "<group>"; };
		42AD0D662B9B00EE002B8A48 /* Router.swift */ = {isa = PBXFileReference; lastKnownFileType = sourcecode.swift; path = Router.swift; sourceTree = "<group>"; };
		42AD0D682B9B010F002B8A48 /* APIKey.swift */ = {isa = PBXFileReference; lastKnownFileType = sourcecode.swift; path = APIKey.swift; sourceTree = "<group>"; };
		42AD0D6B2B9B09AD002B8A48 /* MovieSearchView.swift */ = {isa = PBXFileReference; lastKnownFileType = sourcecode.swift; path = MovieSearchView.swift; sourceTree = "<group>"; };
		42AD0D6D2B9B09E9002B8A48 /* MovieSearchViewModel.swift */ = {isa = PBXFileReference; lastKnownFileType = sourcecode.swift; path = MovieSearchViewModel.swift; sourceTree = "<group>"; };
		42AD0D702B9B0AEA002B8A48 /* Observable.swift */ = {isa = PBXFileReference; lastKnownFileType = sourcecode.swift; path = Observable.swift; sourceTree = "<group>"; };
		42AD0D792B9B1306002B8A48 /* Localizable.xcstrings */ = {isa = PBXFileReference; lastKnownFileType = text.json.xcstrings; path = Localizable.xcstrings; sourceTree = "<group>"; };
		42AD0D7B2B9B1306002B8A48 /* mul */ = {isa = PBXFileReference; lastKnownFileType = text.json.xcstrings; name = mul; path = mul.lproj/LaunchScreen.xcstrings; sourceTree = "<group>"; };
		42AD0D7C2B9B132D002B8A48 /* String+Extension.swift */ = {isa = PBXFileReference; lastKnownFileType = sourcecode.swift; path = "String+Extension.swift"; sourceTree = "<group>"; };
		42AD0D7F2B9C695A002B8A48 /* PosterURL.swift */ = {isa = PBXFileReference; lastKnownFileType = sourcecode.swift; path = PosterURL.swift; sourceTree = "<group>"; };
		42AD0D842B9D8BC7002B8A48 /* MovieInfoCollectionViewCell.swift */ = {isa = PBXFileReference; lastKnownFileType = sourcecode.swift; path = MovieInfoCollectionViewCell.swift; sourceTree = "<group>"; };
		42AD0D872B9D95C5002B8A48 /* MainTabBarController.swift */ = {isa = PBXFileReference; lastKnownFileType = sourcecode.swift; path = MainTabBarController.swift; sourceTree = "<group>"; };
		42AD0D892B9DAF55002B8A48 /* UIViewController+Extension.swift */ = {isa = PBXFileReference; lastKnownFileType = sourcecode.swift; path = "UIViewController+Extension.swift"; sourceTree = "<group>"; };
		42B7EC482B9ED56A00AE0F52 /* SettingViewController.swift */ = {isa = PBXFileReference; lastKnownFileType = sourcecode.swift; path = SettingViewController.swift; sourceTree = "<group>"; };
		42B7EC4B2B9ED58B00AE0F52 /* QuizListViewController.swift */ = {isa = PBXFileReference; lastKnownFileType = sourcecode.swift; path = QuizListViewController.swift; sourceTree = "<group>"; };
		42B7EC4E2B9EE69300AE0F52 /* MakePosterAreaQuizViewController.swift */ = {isa = PBXFileReference; lastKnownFileType = sourcecode.swift; path = MakePosterAreaQuizViewController.swift; sourceTree = "<group>"; };
		42B7EC502B9EE77B00AE0F52 /* MakePosterAreaQuizView.swift */ = {isa = PBXFileReference; lastKnownFileType = sourcecode.swift; path = MakePosterAreaQuizView.swift; sourceTree = "<group>"; };
		42B7EC522B9EF46E00AE0F52 /* SetProfileViewController.swift */ = {isa = PBXFileReference; lastKnownFileType = sourcecode.swift; path = SetProfileViewController.swift; sourceTree = "<group>"; };
		42B7EC542B9EF49C00AE0F52 /* SetProfileView.swift */ = {isa = PBXFileReference; lastKnownFileType = sourcecode.swift; path = SetProfileView.swift; sourceTree = "<group>"; };
		42B7EC5A2B9EF82200AE0F52 /* RoundImageView.swift */ = {isa = PBXFileReference; lastKnownFileType = sourcecode.swift; path = RoundImageView.swift; sourceTree = "<group>"; };
		42B7EC5C2B9F065200AE0F52 /* UserDefaultsManager.swift */ = {isa = PBXFileReference; lastKnownFileType = sourcecode.swift; path = UserDefaultsManager.swift; sourceTree = "<group>"; };
		42B7EC5E2B9F06E500AE0F52 /* SetProfileViewModel.swift */ = {isa = PBXFileReference; lastKnownFileType = sourcecode.swift; path = SetProfileViewModel.swift; sourceTree = "<group>"; };
		42B7EC602B9F0BBD00AE0F52 /* SettingView.swift */ = {isa = PBXFileReference; lastKnownFileType = sourcecode.swift; path = SettingView.swift; sourceTree = "<group>"; };
		42B7EC622B9F0D0000AE0F52 /* ProfileSettingCollectionViewCell.swift */ = {isa = PBXFileReference; lastKnownFileType = sourcecode.swift; path = ProfileSettingCollectionViewCell.swift; sourceTree = "<group>"; };
		42B7EC712BA0251700AE0F52 /* Poster.swift */ = {isa = PBXFileReference; lastKnownFileType = sourcecode.swift; path = Poster.swift; sourceTree = "<group>"; };
		42B7EC782BA0290B00AE0F52 /* PosterListView.swift */ = {isa = PBXFileReference; lastKnownFileType = sourcecode.swift; path = PosterListView.swift; sourceTree = "<group>"; };
		42B7EC7A2BA02AB800AE0F52 /* PosterListViewController.swift */ = {isa = PBXFileReference; lastKnownFileType = sourcecode.swift; path = PosterListViewController.swift; sourceTree = "<group>"; };
		42B7EC7C2BA02B8400AE0F52 /* PosterListViewModel.swift */ = {isa = PBXFileReference; lastKnownFileType = sourcecode.swift; path = PosterListViewModel.swift; sourceTree = "<group>"; };
		42B7EC7E2BA02FB100AE0F52 /* MakeMovieAreaQuizViewModel.swift */ = {isa = PBXFileReference; lastKnownFileType = sourcecode.swift; path = MakeMovieAreaQuizViewModel.swift; sourceTree = "<group>"; };
		42B7EC822BA178FF00AE0F52 /* PosterQuiz.swift */ = {isa = PBXFileReference; lastKnownFileType = sourcecode.swift; path = PosterQuiz.swift; sourceTree = "<group>"; };
		42B7EC842BA1A06100AE0F52 /* QuizListViewModel.swift */ = {isa = PBXFileReference; lastKnownFileType = sourcecode.swift; path = QuizListViewModel.swift; sourceTree = "<group>"; };
		42B7EC862BA1A12700AE0F52 /* QuizListView.swift */ = {isa = PBXFileReference; lastKnownFileType = sourcecode.swift; path = QuizListView.swift; sourceTree = "<group>"; };
		42B7EC8B2BA1A3BE00AE0F52 /* QuizCardCollectionViewCell.swift */ = {isa = PBXFileReference; lastKnownFileType = sourcecode.swift; path = QuizCardCollectionViewCell.swift; sourceTree = "<group>"; };
/* End PBXFileReference section */

/* Begin PBXFrameworksBuildPhase section */
		42570E492B9983920042B338 /* Frameworks */ = {
			isa = PBXFrameworksBuildPhase;
			buildActionMask = 2147483647;
			files = (
				42AD0D492B9AF8DC002B8A48 /* SnapKit in Frameworks */,
				42AD0D462B9AF8D3002B8A48 /* Kingfisher in Frameworks */,
				422D5F402BAAE81B0085E6D0 /* FirebaseMessaging in Frameworks */,
				42AD0D4C2B9AF8F6002B8A48 /* Realm in Frameworks */,
				42B7EC582B9EF7D100AE0F52 /* TextFieldEffects in Frameworks */,
				42AD0D4E2B9AF8F6002B8A48 /* RealmSwift in Frameworks */,
				42B7EC8A2BA1A14000AE0F52 /* CollectionViewPagingLayout in Frameworks */,
				422D5F3E2BAAE81B0085E6D0 /* FirebaseCrashlytics in Frameworks */,
				42AD0D432B9AF8CD002B8A48 /* Alamofire in Frameworks */,
				422D5F3C2BAAE81B0085E6D0 /* FirebaseAnalyticsWithoutAdIdSupport in Frameworks */,
			);
			runOnlyForDeploymentPostprocessing = 0;
		};
/* End PBXFrameworksBuildPhase section */

/* Begin PBXGroup section */
		42091DCA2BA2D625006BA897 /* File */ = {
			isa = PBXGroup;
			children = (
				42091DCB2BA2D64C006BA897 /* ImageFileManager.swift */,
			);
			path = File;
			sourceTree = "<group>";
		};
		42091DCD2BA2E413006BA897 /* ViewModel */ = {
			isa = PBXGroup;
			children = (
				42091DCE2BA2E469006BA897 /* ProfileManagerViewModel.swift */,
			);
			path = ViewModel;
			sourceTree = "<group>";
		};
		42091DD62BA58CDB006BA897 /* UserDefaults */ = {
			isa = PBXGroup;
			children = (
				42B7EC5C2B9F065200AE0F52 /* UserDefaultsManager.swift */,
			);
			path = UserDefaults;
			sourceTree = "<group>";
		};
		42091DD72BA58CE6006BA897 /* Repository */ = {
			isa = PBXGroup;
			children = (
				42091DD82BA58D1E006BA897 /* MakerInfoRepository.swift */,
				42091DDA2BA58DAF006BA897 /* PosterQuizPackageRepository.swift */,
			);
			path = Repository;
			sourceTree = "<group>";
		};
		42091DDC2BA5E99B006BA897 /* SolvePosterAreaQuizView */ = {
			isa = PBXGroup;
			children = (
				42091DDE2BA5EA7B006BA897 /* View */,
				42091DDD2BA5EA74006BA897 /* ViewModel */,
			);
			path = SolvePosterAreaQuizView;
			sourceTree = "<group>";
		};
		42091DDD2BA5EA74006BA897 /* ViewModel */ = {
			isa = PBXGroup;
			children = (
				42091DE12BA5EB02006BA897 /* SolvePosterAreaQuizViewModel.swift */,
			);
			path = ViewModel;
			sourceTree = "<group>";
		};
		42091DDE2BA5EA7B006BA897 /* View */ = {
			isa = PBXGroup;
			children = (
				42091DDF2BA5EAEE006BA897 /* SolvePosterAreaQuizViewController.swift */,
				42091DE32BA5EB1F006BA897 /* SolvePosterAreaQuizView.swift */,
			);
			path = View;
			sourceTree = "<group>";
		};
		42091DE52BA6FDDD006BA897 /* View */ = {
			isa = PBXGroup;
			children = (
				42B7EC4E2B9EE69300AE0F52 /* MakePosterAreaQuizViewController.swift */,
				42B7EC502B9EE77B00AE0F52 /* MakePosterAreaQuizView.swift */,
			);
			path = View;
			sourceTree = "<group>";
		};
		42091DE62BA6FDE2006BA897 /* ViewModel */ = {
			isa = PBXGroup;
			children = (
				42B7EC7E2BA02FB100AE0F52 /* MakeMovieAreaQuizViewModel.swift */,
			);
			path = ViewModel;
			sourceTree = "<group>";
		};
		42091DE72BA6FDFE006BA897 /* ViewModel */ = {
			isa = PBXGroup;
			children = (
				42AD0D6D2B9B09E9002B8A48 /* MovieSearchViewModel.swift */,
			);
			path = ViewModel;
			sourceTree = "<group>";
		};
		42091DE82BA6FE04006BA897 /* View */ = {
			isa = PBXGroup;
			children = (
				42570E532B9983920042B338 /* MovieSearchViewController.swift */,
				42AD0D6B2B9B09AD002B8A48 /* MovieSearchView.swift */,
			);
			path = View;
			sourceTree = "<group>";
		};
		42091DE92BA6FE1C006BA897 /* ViewModel */ = {
			isa = PBXGroup;
			children = (
				42B7EC7C2BA02B8400AE0F52 /* PosterListViewModel.swift */,
			);
			path = ViewModel;
			sourceTree = "<group>";
		};
		42091DEA2BA6FE22006BA897 /* View */ = {
			isa = PBXGroup;
			children = (
				42B7EC7A2BA02AB800AE0F52 /* PosterListViewController.swift */,
				42B7EC782BA0290B00AE0F52 /* PosterListView.swift */,
			);
			path = View;
			sourceTree = "<group>";
		};
		42091DEB2BA6FE3A006BA897 /* ViewModel */ = {
			isa = PBXGroup;
			children = (
				42B7EC5E2B9F06E500AE0F52 /* SetProfileViewModel.swift */,
			);
			path = ViewModel;
			sourceTree = "<group>";
		};
		42091DEC2BA6FE3E006BA897 /* View */ = {
			isa = PBXGroup;
			children = (
				42B7EC522B9EF46E00AE0F52 /* SetProfileViewController.swift */,
				42B7EC542B9EF49C00AE0F52 /* SetProfileView.swift */,
			);
			path = View;
			sourceTree = "<group>";
		};
		42091DED2BA6FE4B006BA897 /* ViewModel */ = {
			isa = PBXGroup;
			children = (
				42B7EC842BA1A06100AE0F52 /* QuizListViewModel.swift */,
			);
			path = ViewModel;
			sourceTree = "<group>";
		};
		42091DEE2BA6FE50006BA897 /* View */ = {
			isa = PBXGroup;
			children = (
				42B7EC4B2B9ED58B00AE0F52 /* QuizListViewController.swift */,
				42B7EC862BA1A12700AE0F52 /* QuizListView.swift */,
			);
			path = View;
			sourceTree = "<group>";
		};
		42091DEF2BA6FF10006BA897 /* Presentation */ = {
			isa = PBXGroup;
			children = (
				42091DF22BA70225006BA897 /* Common */,
				42AD0D862B9D9075002B8A48 /* TabBar */,
				42B7EC4A2B9ED57D00AE0F52 /* QuizListView */,
				42AD0D6A2B9B0925002B8A48 /* MovieSearchView */,
				42091DDC2BA5E99B006BA897 /* SolvePosterAreaQuizView */,
				42B7EC4D2B9EE67A00AE0F52 /* MakePosterAreaQuizView */,
				42B7EC772BA028D700AE0F52 /* PosterListView */,
				42B7EC472B9ED54200AE0F52 /* SettingView */,
				42AD0D812B9C9A89002B8A48 /* SetNicknameView */,
				42091DF42BA71033006BA897 /* QuizResultView */,
			);
			path = Presentation;
			sourceTree = "<group>";
		};
		42091DF02BA70074006BA897 /* Domain */ = {
			isa = PBXGroup;
			children = (
				42AD0D5E2B9AFC06002B8A48 /* Model */,
			);
			path = Domain;
			sourceTree = "<group>";
		};
		42091DF12BA7011E006BA897 /* Util */ = {
			isa = PBXGroup;
			children = (
				42AD0D6F2B9B0ADE002B8A48 /* Observable */,
				42091DCA2BA2D625006BA897 /* File */,
				42091DD62BA58CDB006BA897 /* UserDefaults */,
				42AD0D512B9AF977002B8A48 /* Extension */,
			);
			path = Util;
			sourceTree = "<group>";
		};
		42091DF22BA70225006BA897 /* Common */ = {
			isa = PBXGroup;
			children = (
				42091DCD2BA2E413006BA897 /* ViewModel */,
				42B7EC592B9EF81700AE0F52 /* CustomView */,
				42AD0D522B9AF97B002B8A48 /* BaseView */,
			);
			path = Common;
			sourceTree = "<group>";
		};
		42091DF32BA70247006BA897 /* Model */ = {
			isa = PBXGroup;
			children = (
				42091DD42BA579A5006BA897 /* RealmPosterQuiz.swift */,
			);
			path = Model;
			sourceTree = "<group>";
		};
		42091DF42BA71033006BA897 /* QuizResultView */ = {
			isa = PBXGroup;
			children = (
				42091DF62BA7105F006BA897 /* View */,
				42091DF52BA7105A006BA897 /* ViewModel */,
				422D5F482BAB09A50085E6D0 /* MovieCardCollectionViewCell.swift */,
			);
			path = QuizResultView;
			sourceTree = "<group>";
		};
		42091DF52BA7105A006BA897 /* ViewModel */ = {
			isa = PBXGroup;
			children = (
				42091DFB2BA713A3006BA897 /* QuizResultViewModel.swift */,
			);
			path = ViewModel;
			sourceTree = "<group>";
		};
		42091DF62BA7105F006BA897 /* View */ = {
			isa = PBXGroup;
			children = (
				42091DF72BA7126C006BA897 /* QuizResultViewController.swift */,
				42091DF92BA7128B006BA897 /* QuizResultView.swift */,
			);
			path = View;
			sourceTree = "<group>";
		};
		422D5F252BAAC5FA0085E6D0 /* Font */ = {
			isa = PBXGroup;
			children = (
				422D5F2D2BAAC6090085E6D0 /* Pretendard-Black.otf */,
				422D5F2C2BAAC6090085E6D0 /* Pretendard-Bold.otf */,
				422D5F2A2BAAC6090085E6D0 /* Pretendard-ExtraBold.otf */,
				422D5F282BAAC6090085E6D0 /* Pretendard-ExtraLight.otf */,
				422D5F292BAAC6090085E6D0 /* Pretendard-Light.otf */,
				422D5F272BAAC6090085E6D0 /* Pretendard-Medium.otf */,
				422D5F2B2BAAC6090085E6D0 /* Pretendard-Regular.otf */,
				422D5F2E2BAAC6090085E6D0 /* Pretendard-SemiBold.otf */,
				422D5F262BAAC6090085E6D0 /* Pretendard-Thin.otf */,
			);
			path = Font;
			sourceTree = "<group>";
		};
		42570E432B9983920042B338 = {
			isa = PBXGroup;
			children = (
				42570E632B9986060042B338 /* .gitignore */,
				42570E4E2B9983920042B338 /* UQuiz */,
				42570E4D2B9983920042B338 /* Products */,
			);
			sourceTree = "<group>";
		};
		42570E4D2B9983920042B338 /* Products */ = {
			isa = PBXGroup;
			children = (
				42570E4C2B9983920042B338 /* UQuiz.app */,
			);
			name = Products;
			sourceTree = "<group>";
		};
		42570E4E2B9983920042B338 /* UQuiz */ = {
			isa = PBXGroup;
			children = (
				422D5F442BAAEC440085E6D0 /* GoogleService-Info.plist */,
				42570E5D2B9983950042B338 /* Info.plist */,
				42AD0D7E2B9B1469002B8A48 /* plist */,
				42AD0D4F2B9AF94C002B8A48 /* Application */,
				42AD0D502B9AF959002B8A48 /* Resource */,
				42091DF02BA70074006BA897 /* Domain */,
				42AD0D5F2B9AFC0B002B8A48 /* Data */,
				42091DEF2BA6FF10006BA897 /* Presentation */,
				42AD0D5D2B9AFC00002B8A48 /* Network */,
				42091DF12BA7011E006BA897 /* Util */,
			);
			path = UQuiz;
			sourceTree = "<group>";
		};
		42AD0D4F2B9AF94C002B8A48 /* Application */ = {
			isa = PBXGroup;
			children = (
				42570E4F2B9983920042B338 /* AppDelegate.swift */,
				42570E512B9983920042B338 /* SceneDelegate.swift */,
			);
			path = Application;
			sourceTree = "<group>";
		};
		42AD0D502B9AF959002B8A48 /* Resource */ = {
			isa = PBXGroup;
			children = (
				422D5F252BAAC5FA0085E6D0 /* Font */,
				42570E5A2B9983950042B338 /* LaunchScreen.storyboard */,
				42570E582B9983950042B338 /* Assets.xcassets */,
			);
			path = Resource;
			sourceTree = "<group>";
		};
		42AD0D512B9AF977002B8A48 /* Extension */ = {
			isa = PBXGroup;
			children = (
				42AD0D592B9AFB9F002B8A48 /* UIColor+Extension.swift */,
				42AD0D5B2B9AFBD6002B8A48 /* UIView+Extension.swift */,
				42AD0D7C2B9B132D002B8A48 /* String+Extension.swift */,
				42AD0D892B9DAF55002B8A48 /* UIViewController+Extension.swift */,
				422D5F232BAAC5120085E6D0 /* UIFont+Extension.swift */,
			);
			path = Extension;
			sourceTree = "<group>";
		};
		42AD0D522B9AF97B002B8A48 /* BaseView */ = {
			isa = PBXGroup;
			children = (
				42AD0D532B9AFA33002B8A48 /* BaseViewController.swift */,
				42AD0D552B9AFAD9002B8A48 /* BaseView.swift */,
				42AD0D572B9AFB53002B8A48 /* BaseCollectionViewCell.swift */,
			);
			path = BaseView;
			sourceTree = "<group>";
		};
		42AD0D5D2B9AFC00002B8A48 /* Network */ = {
			isa = PBXGroup;
			children = (
				42AD0D682B9B010F002B8A48 /* APIKey.swift */,
				42AD0D642B9B00AD002B8A48 /* TMDBAPIManager.swift */,
				42AD0D662B9B00EE002B8A48 /* Router.swift */,
				42AD0D7F2B9C695A002B8A48 /* PosterURL.swift */,
			);
			path = Network;
			sourceTree = "<group>";
		};
		42AD0D5E2B9AFC06002B8A48 /* Model */ = {
			isa = PBXGroup;
			children = (
				42AD0D622B9AFDCB002B8A48 /* SearchMovie.swift */,
				42B7EC712BA0251700AE0F52 /* Poster.swift */,
				42B7EC822BA178FF00AE0F52 /* PosterQuiz.swift */,
				422D5F382BAACA7B0085E6D0 /* Level.swift */,
			);
			path = Model;
			sourceTree = "<group>";
		};
		42AD0D5F2B9AFC0B002B8A48 /* Data */ = {
			isa = PBXGroup;
			children = (
				42091DF32BA70247006BA897 /* Model */,
				42091DD72BA58CE6006BA897 /* Repository */,
			);
			path = Data;
			sourceTree = "<group>";
		};
		42AD0D6A2B9B0925002B8A48 /* MovieSearchView */ = {
			isa = PBXGroup;
			children = (
				42091DE82BA6FE04006BA897 /* View */,
				42091DE72BA6FDFE006BA897 /* ViewModel */,
				42AD0D842B9D8BC7002B8A48 /* MovieInfoCollectionViewCell.swift */,
			);
			path = MovieSearchView;
			sourceTree = "<group>";
		};
		42AD0D6F2B9B0ADE002B8A48 /* Observable */ = {
			isa = PBXGroup;
			children = (
				42AD0D702B9B0AEA002B8A48 /* Observable.swift */,
			);
			path = Observable;
			sourceTree = "<group>";
		};
		42AD0D7E2B9B1469002B8A48 /* plist */ = {
			isa = PBXGroup;
			children = (
				42AD0D792B9B1306002B8A48 /* Localizable.xcstrings */,
			);
			path = plist;
			sourceTree = "<group>";
		};
		42AD0D812B9C9A89002B8A48 /* SetNicknameView */ = {
			isa = PBXGroup;
			children = (
				42091DEC2BA6FE3E006BA897 /* View */,
				42091DEB2BA6FE3A006BA897 /* ViewModel */,
			);
			path = SetNicknameView;
			sourceTree = "<group>";
		};
		42AD0D862B9D9075002B8A48 /* TabBar */ = {
			isa = PBXGroup;
			children = (
				42AD0D872B9D95C5002B8A48 /* MainTabBarController.swift */,
			);
			path = TabBar;
			sourceTree = "<group>";
		};
		42B7EC472B9ED54200AE0F52 /* SettingView */ = {
			isa = PBXGroup;
			children = (
				42B7EC482B9ED56A00AE0F52 /* SettingViewController.swift */,
				42B7EC602B9F0BBD00AE0F52 /* SettingView.swift */,
				42B7EC622B9F0D0000AE0F52 /* ProfileSettingCollectionViewCell.swift */,
			);
			path = SettingView;
			sourceTree = "<group>";
		};
		42B7EC4A2B9ED57D00AE0F52 /* QuizListView */ = {
			isa = PBXGroup;
			children = (
				42091DEE2BA6FE50006BA897 /* View */,
				42091DED2BA6FE4B006BA897 /* ViewModel */,
				42B7EC8B2BA1A3BE00AE0F52 /* QuizCardCollectionViewCell.swift */,
			);
			path = QuizListView;
			sourceTree = "<group>";
		};
		42B7EC4D2B9EE67A00AE0F52 /* MakePosterAreaQuizView */ = {
			isa = PBXGroup;
			children = (
				42091DE52BA6FDDD006BA897 /* View */,
				42091DE62BA6FDE2006BA897 /* ViewModel */,
			);
			path = MakePosterAreaQuizView;
			sourceTree = "<group>";
		};
		42B7EC592B9EF81700AE0F52 /* CustomView */ = {
			isa = PBXGroup;
			children = (
				42B7EC5A2B9EF82200AE0F52 /* RoundImageView.swift */,
			);
			path = CustomView;
			sourceTree = "<group>";
		};
		42B7EC772BA028D700AE0F52 /* PosterListView */ = {
			isa = PBXGroup;
			children = (
				42091DEA2BA6FE22006BA897 /* View */,
				42091DE92BA6FE1C006BA897 /* ViewModel */,
			);
			path = PosterListView;
			sourceTree = "<group>";
		};
/* End PBXGroup section */

/* Begin PBXNativeTarget section */
		42570E4B2B9983920042B338 /* UQuiz */ = {
			isa = PBXNativeTarget;
			buildConfigurationList = 42570E602B9983950042B338 /* Build configuration list for PBXNativeTarget "UQuiz" */;
			buildPhases = (
				42570E482B9983920042B338 /* Sources */,
				42570E492B9983920042B338 /* Frameworks */,
				42570E4A2B9983920042B338 /* Resources */,
				422D5F432BAAEA7C0085E6D0 /* ShellScript */,
			);
			buildRules = (
			);
			dependencies = (
			);
			name = UQuiz;
			packageProductDependencies = (
				42AD0D422B9AF8CD002B8A48 /* Alamofire */,
				42AD0D452B9AF8D3002B8A48 /* Kingfisher */,
				42AD0D482B9AF8DC002B8A48 /* SnapKit */,
				42AD0D4B2B9AF8F6002B8A48 /* Realm */,
				42AD0D4D2B9AF8F6002B8A48 /* RealmSwift */,
				42B7EC572B9EF7D100AE0F52 /* TextFieldEffects */,
				42B7EC892BA1A14000AE0F52 /* CollectionViewPagingLayout */,
				422D5F3B2BAAE81B0085E6D0 /* FirebaseAnalyticsWithoutAdIdSupport */,
				422D5F3D2BAAE81B0085E6D0 /* FirebaseCrashlytics */,
				422D5F3F2BAAE81B0085E6D0 /* FirebaseMessaging */,
			);
			productName = UQuiz;
			productReference = 42570E4C2B9983920042B338 /* UQuiz.app */;
			productType = "com.apple.product-type.application";
		};
/* End PBXNativeTarget section */

/* Begin PBXProject section */
		42570E442B9983920042B338 /* Project object */ = {
			isa = PBXProject;
			attributes = {
				BuildIndependentTargetsInParallel = 1;
				LastSwiftUpdateCheck = 1510;
				LastUpgradeCheck = 1510;
				TargetAttributes = {
					42570E4B2B9983920042B338 = {
						CreatedOnToolsVersion = 15.1;
					};
				};
			};
			buildConfigurationList = 42570E472B9983920042B338 /* Build configuration list for PBXProject "UQuiz" */;
			compatibilityVersion = "Xcode 14.0";
			developmentRegion = en;
			hasScannedForEncodings = 0;
			knownRegions = (
				en,
				Base,
				ko,
			);
			mainGroup = 42570E432B9983920042B338;
			packageReferences = (
				42AD0D412B9AF8CC002B8A48 /* XCRemoteSwiftPackageReference "Alamofire" */,
				42AD0D442B9AF8D3002B8A48 /* XCRemoteSwiftPackageReference "Kingfisher" */,
				42AD0D472B9AF8DC002B8A48 /* XCRemoteSwiftPackageReference "SnapKit" */,
				42AD0D4A2B9AF8F6002B8A48 /* XCRemoteSwiftPackageReference "realm-swift" */,
				42B7EC562B9EF7D100AE0F52 /* XCRemoteSwiftPackageReference "TextFieldEffects" */,
				42B7EC882BA1A14000AE0F52 /* XCRemoteSwiftPackageReference "CollectionViewPagingLayout" */,
				422D5F3A2BAAE81B0085E6D0 /* XCRemoteSwiftPackageReference "firebase-ios-sdk" */,
			);
			productRefGroup = 42570E4D2B9983920042B338 /* Products */;
			projectDirPath = "";
			projectRoot = "";
			targets = (
				42570E4B2B9983920042B338 /* UQuiz */,
			);
		};
/* End PBXProject section */

/* Begin PBXResourcesBuildPhase section */
		42570E4A2B9983920042B338 /* Resources */ = {
			isa = PBXResourcesBuildPhase;
			buildActionMask = 2147483647;
			files = (
				422D5F352BAAC6090085E6D0 /* Pretendard-Bold.otf in Resources */,
				422D5F312BAAC6090085E6D0 /* Pretendard-ExtraLight.otf in Resources */,
				422D5F322BAAC6090085E6D0 /* Pretendard-Light.otf in Resources */,
				422D5F372BAAC6090085E6D0 /* Pretendard-SemiBold.otf in Resources */,
				422D5F332BAAC6090085E6D0 /* Pretendard-ExtraBold.otf in Resources */,
				42570E642B9986060042B338 /* .gitignore in Resources */,
				422D5F2F2BAAC6090085E6D0 /* Pretendard-Thin.otf in Resources */,
				42AD0D7A2B9B1306002B8A48 /* Localizable.xcstrings in Resources */,
				42570E5C2B9983950042B338 /* LaunchScreen.storyboard in Resources */,
				422D5F342BAAC6090085E6D0 /* Pretendard-Regular.otf in Resources */,
				42570E592B9983950042B338 /* Assets.xcassets in Resources */,
				422D5F362BAAC6090085E6D0 /* Pretendard-Black.otf in Resources */,
				422D5F302BAAC6090085E6D0 /* Pretendard-Medium.otf in Resources */,
				422D5F452BAAEC440085E6D0 /* GoogleService-Info.plist in Resources */,
			);
			runOnlyForDeploymentPostprocessing = 0;
		};
/* End PBXResourcesBuildPhase section */

/* Begin PBXShellScriptBuildPhase section */
		422D5F432BAAEA7C0085E6D0 /* ShellScript */ = {
			isa = PBXShellScriptBuildPhase;
			buildActionMask = 2147483647;
			files = (
			);
			inputFileListPaths = (
			);
			inputPaths = (
				"${DWARF_DSYM_FOLDER_PATH}/${DWARF_DSYM_FILE_NAME}",
				"${DWARF_DSYM_FOLDER_PATH}/${DWARF_DSYM_FILE_NAME}/Contents/Resources/DWARF/${PRODUCT_NAME}",
				"${DWARF_DSYM_FOLDER_PATH}/${DWARF_DSYM_FILE_NAME}/Contents/Info.plist",
				"$(TARGET_BUILD_DIR)/$(UNLOCALIZED_RESOURCES_FOLDER_PATH)/GoogleService-Info.plist",
				"$(TARGET_BUILD_DIR)/$(EXECUTABLE_PATH)",
			);
			outputFileListPaths = (
			);
			outputPaths = (
			);
			runOnlyForDeploymentPostprocessing = 0;
			shellPath = /bin/sh;
			shellScript = "# Type a script or drag a script file from your workspace to insert its path.\n\"${BUILD_DIR%/Build/*}/SourcePackages/checkouts/firebase-ios-sdk/Crashlytics/run\"\n";
		};
/* End PBXShellScriptBuildPhase section */

/* Begin PBXSourcesBuildPhase section */
		42570E482B9983920042B338 /* Sources */ = {
			isa = PBXSourcesBuildPhase;
			buildActionMask = 2147483647;
			files = (
				42AD0D852B9D8BC7002B8A48 /* MovieInfoCollectionViewCell.swift in Sources */,
				42B7EC492B9ED56A00AE0F52 /* SettingViewController.swift in Sources */,
				42AD0D712B9B0AEA002B8A48 /* Observable.swift in Sources */,
				42B7EC852BA1A06100AE0F52 /* QuizListViewModel.swift in Sources */,
				42B7EC552B9EF49C00AE0F52 /* SetProfileView.swift in Sources */,
				42B7EC872BA1A12700AE0F52 /* QuizListView.swift in Sources */,
				42B7EC612B9F0BBD00AE0F52 /* SettingView.swift in Sources */,
				42AD0D6E2B9B09E9002B8A48 /* MovieSearchViewModel.swift in Sources */,
				42AD0D5A2B9AFB9F002B8A48 /* UIColor+Extension.swift in Sources */,
				42B7EC532B9EF46E00AE0F52 /* SetProfileViewController.swift in Sources */,
				422D5F242BAAC5120085E6D0 /* UIFont+Extension.swift in Sources */,
				42AD0D6C2B9B09AD002B8A48 /* MovieSearchView.swift in Sources */,
				42B7EC7D2BA02B8400AE0F52 /* PosterListViewModel.swift in Sources */,
				42091DDB2BA58DAF006BA897 /* PosterQuizPackageRepository.swift in Sources */,
				42091DF82BA7126C006BA897 /* QuizResultViewController.swift in Sources */,
				42091DCF2BA2E469006BA897 /* ProfileManagerViewModel.swift in Sources */,
				42570E542B9983920042B338 /* MovieSearchViewController.swift in Sources */,
				42AD0D652B9B00AD002B8A48 /* TMDBAPIManager.swift in Sources */,
				422D5F392BAACA7B0085E6D0 /* Level.swift in Sources */,
				422D5F492BAB09A50085E6D0 /* MovieCardCollectionViewCell.swift in Sources */,
				42AD0D632B9AFDCB002B8A48 /* SearchMovie.swift in Sources */,
				42091DE02BA5EAEE006BA897 /* SolvePosterAreaQuizViewController.swift in Sources */,
				42AD0D5C2B9AFBD6002B8A48 /* UIView+Extension.swift in Sources */,
				42B7EC722BA0251700AE0F52 /* Poster.swift in Sources */,
				42B7EC8C2BA1A3BE00AE0F52 /* QuizCardCollectionViewCell.swift in Sources */,
				42AD0D8A2B9DAF55002B8A48 /* UIViewController+Extension.swift in Sources */,
				42AD0D7D2B9B132D002B8A48 /* String+Extension.swift in Sources */,
				42B7EC512B9EE77B00AE0F52 /* MakePosterAreaQuizView.swift in Sources */,
				42AD0D672B9B00EE002B8A48 /* Router.swift in Sources */,
				42AD0D542B9AFA33002B8A48 /* BaseViewController.swift in Sources */,
				42AD0D562B9AFAD9002B8A48 /* BaseView.swift in Sources */,
				42091DE22BA5EB02006BA897 /* SolvePosterAreaQuizViewModel.swift in Sources */,
				42091DFC2BA713A3006BA897 /* QuizResultViewModel.swift in Sources */,
				42B7EC7F2BA02FB100AE0F52 /* MakeMovieAreaQuizViewModel.swift in Sources */,
				42B7EC4C2B9ED58B00AE0F52 /* QuizListViewController.swift in Sources */,
				42570E502B9983920042B338 /* AppDelegate.swift in Sources */,
				42091DD92BA58D1E006BA897 /* MakerInfoRepository.swift in Sources */,
				42B7EC5F2B9F06E500AE0F52 /* SetProfileViewModel.swift in Sources */,
				42B7EC632B9F0D0000AE0F52 /* ProfileSettingCollectionViewCell.swift in Sources */,
				42091DCC2BA2D64C006BA897 /* ImageFileManager.swift in Sources */,
				42570E522B9983920042B338 /* SceneDelegate.swift in Sources */,
				42AD0D882B9D95C5002B8A48 /* MainTabBarController.swift in Sources */,
				42B7EC5D2B9F065200AE0F52 /* UserDefaultsManager.swift in Sources */,
				42B7EC7B2BA02AB800AE0F52 /* PosterListViewController.swift in Sources */,
				42AD0D802B9C695A002B8A48 /* PosterURL.swift in Sources */,
				42B7EC792BA0290B00AE0F52 /* PosterListView.swift in Sources */,
				42091DFA2BA7128B006BA897 /* QuizResultView.swift in Sources */,
				42AD0D692B9B010F002B8A48 /* APIKey.swift in Sources */,
				42B7EC832BA178FF00AE0F52 /* PosterQuiz.swift in Sources */,
				42091DE42BA5EB1F006BA897 /* SolvePosterAreaQuizView.swift in Sources */,
				42B7EC5B2B9EF82200AE0F52 /* RoundImageView.swift in Sources */,
				42AD0D582B9AFB53002B8A48 /* BaseCollectionViewCell.swift in Sources */,
				42B7EC4F2B9EE69300AE0F52 /* MakePosterAreaQuizViewController.swift in Sources */,
				42091DD52BA579A5006BA897 /* RealmPosterQuiz.swift in Sources */,
			);
			runOnlyForDeploymentPostprocessing = 0;
		};
/* End PBXSourcesBuildPhase section */

/* Begin PBXVariantGroup section */
		42570E5A2B9983950042B338 /* LaunchScreen.storyboard */ = {
			isa = PBXVariantGroup;
			children = (
				42570E5B2B9983950042B338 /* Base */,
				42AD0D7B2B9B1306002B8A48 /* mul */,
			);
			name = LaunchScreen.storyboard;
			sourceTree = "<group>";
		};
/* End PBXVariantGroup section */

/* Begin XCBuildConfiguration section */
		42570E5E2B9983950042B338 /* Debug */ = {
			isa = XCBuildConfiguration;
			buildSettings = {
				ALWAYS_SEARCH_USER_PATHS = NO;
				ASSETCATALOG_COMPILER_GENERATE_SWIFT_ASSET_SYMBOL_EXTENSIONS = YES;
				CLANG_ANALYZER_LOCALIZABILITY_NONLOCALIZED = YES;
				CLANG_ANALYZER_NONNULL = YES;
				CLANG_ANALYZER_NUMBER_OBJECT_CONVERSION = YES_AGGRESSIVE;
				CLANG_CXX_LANGUAGE_STANDARD = "gnu++20";
				CLANG_ENABLE_MODULES = YES;
				CLANG_ENABLE_OBJC_ARC = YES;
				CLANG_ENABLE_OBJC_WEAK = YES;
				CLANG_WARN_BLOCK_CAPTURE_AUTORELEASING = YES;
				CLANG_WARN_BOOL_CONVERSION = YES;
				CLANG_WARN_COMMA = YES;
				CLANG_WARN_CONSTANT_CONVERSION = YES;
				CLANG_WARN_DEPRECATED_OBJC_IMPLEMENTATIONS = YES;
				CLANG_WARN_DIRECT_OBJC_ISA_USAGE = YES_ERROR;
				CLANG_WARN_DOCUMENTATION_COMMENTS = YES;
				CLANG_WARN_EMPTY_BODY = YES;
				CLANG_WARN_ENUM_CONVERSION = YES;
				CLANG_WARN_INFINITE_RECURSION = YES;
				CLANG_WARN_INT_CONVERSION = YES;
				CLANG_WARN_NON_LITERAL_NULL_CONVERSION = YES;
				CLANG_WARN_OBJC_IMPLICIT_RETAIN_SELF = YES;
				CLANG_WARN_OBJC_LITERAL_CONVERSION = YES;
				CLANG_WARN_OBJC_ROOT_CLASS = YES_ERROR;
				CLANG_WARN_QUOTED_INCLUDE_IN_FRAMEWORK_HEADER = YES;
				CLANG_WARN_RANGE_LOOP_ANALYSIS = YES;
				CLANG_WARN_STRICT_PROTOTYPES = YES;
				CLANG_WARN_SUSPICIOUS_MOVE = YES;
				CLANG_WARN_UNGUARDED_AVAILABILITY = YES_AGGRESSIVE;
				CLANG_WARN_UNREACHABLE_CODE = YES;
				CLANG_WARN__DUPLICATE_METHOD_MATCH = YES;
				COPY_PHASE_STRIP = NO;
				DEBUG_INFORMATION_FORMAT = dwarf;
				ENABLE_STRICT_OBJC_MSGSEND = YES;
				ENABLE_TESTABILITY = YES;
				ENABLE_USER_SCRIPT_SANDBOXING = YES;
				GCC_C_LANGUAGE_STANDARD = gnu17;
				GCC_DYNAMIC_NO_PIC = NO;
				GCC_NO_COMMON_BLOCKS = YES;
				GCC_OPTIMIZATION_LEVEL = 0;
				GCC_PREPROCESSOR_DEFINITIONS = (
					"DEBUG=1",
					"$(inherited)",
				);
				GCC_WARN_64_TO_32_BIT_CONVERSION = YES;
				GCC_WARN_ABOUT_RETURN_TYPE = YES_ERROR;
				GCC_WARN_UNDECLARED_SELECTOR = YES;
				GCC_WARN_UNINITIALIZED_AUTOS = YES_AGGRESSIVE;
				GCC_WARN_UNUSED_FUNCTION = YES;
				GCC_WARN_UNUSED_VARIABLE = YES;
				IPHONEOS_DEPLOYMENT_TARGET = 16.0;
				LOCALIZATION_PREFERS_STRING_CATALOGS = YES;
				MTL_ENABLE_DEBUG_INFO = INCLUDE_SOURCE;
				MTL_FAST_MATH = YES;
				ONLY_ACTIVE_ARCH = YES;
				SDKROOT = iphoneos;
				SWIFT_ACTIVE_COMPILATION_CONDITIONS = "DEBUG $(inherited)";
				SWIFT_OPTIMIZATION_LEVEL = "-Onone";
			};
			name = Debug;
		};
		42570E5F2B9983950042B338 /* Release */ = {
			isa = XCBuildConfiguration;
			buildSettings = {
				ALWAYS_SEARCH_USER_PATHS = NO;
				ASSETCATALOG_COMPILER_GENERATE_SWIFT_ASSET_SYMBOL_EXTENSIONS = YES;
				CLANG_ANALYZER_LOCALIZABILITY_NONLOCALIZED = YES;
				CLANG_ANALYZER_NONNULL = YES;
				CLANG_ANALYZER_NUMBER_OBJECT_CONVERSION = YES_AGGRESSIVE;
				CLANG_CXX_LANGUAGE_STANDARD = "gnu++20";
				CLANG_ENABLE_MODULES = YES;
				CLANG_ENABLE_OBJC_ARC = YES;
				CLANG_ENABLE_OBJC_WEAK = YES;
				CLANG_WARN_BLOCK_CAPTURE_AUTORELEASING = YES;
				CLANG_WARN_BOOL_CONVERSION = YES;
				CLANG_WARN_COMMA = YES;
				CLANG_WARN_CONSTANT_CONVERSION = YES;
				CLANG_WARN_DEPRECATED_OBJC_IMPLEMENTATIONS = YES;
				CLANG_WARN_DIRECT_OBJC_ISA_USAGE = YES_ERROR;
				CLANG_WARN_DOCUMENTATION_COMMENTS = YES;
				CLANG_WARN_EMPTY_BODY = YES;
				CLANG_WARN_ENUM_CONVERSION = YES;
				CLANG_WARN_INFINITE_RECURSION = YES;
				CLANG_WARN_INT_CONVERSION = YES;
				CLANG_WARN_NON_LITERAL_NULL_CONVERSION = YES;
				CLANG_WARN_OBJC_IMPLICIT_RETAIN_SELF = YES;
				CLANG_WARN_OBJC_LITERAL_CONVERSION = YES;
				CLANG_WARN_OBJC_ROOT_CLASS = YES_ERROR;
				CLANG_WARN_QUOTED_INCLUDE_IN_FRAMEWORK_HEADER = YES;
				CLANG_WARN_RANGE_LOOP_ANALYSIS = YES;
				CLANG_WARN_STRICT_PROTOTYPES = YES;
				CLANG_WARN_SUSPICIOUS_MOVE = YES;
				CLANG_WARN_UNGUARDED_AVAILABILITY = YES_AGGRESSIVE;
				CLANG_WARN_UNREACHABLE_CODE = YES;
				CLANG_WARN__DUPLICATE_METHOD_MATCH = YES;
				COPY_PHASE_STRIP = NO;
				DEBUG_INFORMATION_FORMAT = "dwarf-with-dsym";
				ENABLE_NS_ASSERTIONS = NO;
				ENABLE_STRICT_OBJC_MSGSEND = YES;
				ENABLE_USER_SCRIPT_SANDBOXING = YES;
				GCC_C_LANGUAGE_STANDARD = gnu17;
				GCC_NO_COMMON_BLOCKS = YES;
				GCC_WARN_64_TO_32_BIT_CONVERSION = YES;
				GCC_WARN_ABOUT_RETURN_TYPE = YES_ERROR;
				GCC_WARN_UNDECLARED_SELECTOR = YES;
				GCC_WARN_UNINITIALIZED_AUTOS = YES_AGGRESSIVE;
				GCC_WARN_UNUSED_FUNCTION = YES;
				GCC_WARN_UNUSED_VARIABLE = YES;
				IPHONEOS_DEPLOYMENT_TARGET = 16.0;
				LOCALIZATION_PREFERS_STRING_CATALOGS = YES;
				MTL_ENABLE_DEBUG_INFO = NO;
				MTL_FAST_MATH = YES;
				SDKROOT = iphoneos;
				SWIFT_COMPILATION_MODE = wholemodule;
				VALIDATE_PRODUCT = YES;
			};
			name = Release;
		};
		42570E612B9983950042B338 /* Debug */ = {
			isa = XCBuildConfiguration;
			buildSettings = {
				ASSETCATALOG_COMPILER_APPICON_NAME = AppIcon;
				ASSETCATALOG_COMPILER_GLOBAL_ACCENT_COLOR_NAME = AccentColor;
				CODE_SIGN_STYLE = Automatic;
				CURRENT_PROJECT_VERSION = 1;
				DEBUG_INFORMATION_FORMAT = "dwarf-with-dsym";
				DEVELOPMENT_TEAM = HR74YJR7W4;
				GENERATE_INFOPLIST_FILE = YES;
				INFOPLIST_FILE = UQuiz/Info.plist;
				INFOPLIST_KEY_UIApplicationSupportsIndirectInputEvents = YES;
				INFOPLIST_KEY_UILaunchStoryboardName = LaunchScreen;
				INFOPLIST_KEY_UISupportedInterfaceOrientations = UIInterfaceOrientationPortrait;
				INFOPLIST_KEY_UISupportedInterfaceOrientations_iPad = "UIInterfaceOrientationPortrait UIInterfaceOrientationPortraitUpsideDown";
				IPHONEOS_DEPLOYMENT_TARGET = 16.0;
				LD_RUNPATH_SEARCH_PATHS = (
					"$(inherited)",
					"@executable_path/Frameworks",
				);
				MARKETING_VERSION = 1.0;
				PRODUCT_BUNDLE_IDENTIFIER = com.greed.UQuiz;
				PRODUCT_NAME = "$(TARGET_NAME)";
				SUPPORTED_PLATFORMS = "iphoneos iphonesimulator";
				SUPPORTS_MACCATALYST = NO;
				SUPPORTS_MAC_DESIGNED_FOR_IPHONE_IPAD = NO;
				SUPPORTS_XR_DESIGNED_FOR_IPHONE_IPAD = NO;
				SWIFT_EMIT_LOC_STRINGS = YES;
				SWIFT_VERSION = 5.0;
				TARGETED_DEVICE_FAMILY = 1;
			};
			name = Debug;
		};
		42570E622B9983950042B338 /* Release */ = {
			isa = XCBuildConfiguration;
			buildSettings = {
				ASSETCATALOG_COMPILER_APPICON_NAME = AppIcon;
				ASSETCATALOG_COMPILER_GLOBAL_ACCENT_COLOR_NAME = AccentColor;
				CODE_SIGN_STYLE = Automatic;
				CURRENT_PROJECT_VERSION = 1;
				DEVELOPMENT_TEAM = HR74YJR7W4;
				GENERATE_INFOPLIST_FILE = YES;
				INFOPLIST_FILE = UQuiz/Info.plist;
				INFOPLIST_KEY_UIApplicationSupportsIndirectInputEvents = YES;
				INFOPLIST_KEY_UILaunchStoryboardName = LaunchScreen;
				INFOPLIST_KEY_UISupportedInterfaceOrientations = UIInterfaceOrientationPortrait;
				INFOPLIST_KEY_UISupportedInterfaceOrientations_iPad = "UIInterfaceOrientationPortrait UIInterfaceOrientationPortraitUpsideDown";
				IPHONEOS_DEPLOYMENT_TARGET = 16.0;
				LD_RUNPATH_SEARCH_PATHS = (
					"$(inherited)",
					"@executable_path/Frameworks",
				);
				MARKETING_VERSION = 1.0;
				PRODUCT_BUNDLE_IDENTIFIER = com.greed.UQuiz;
				PRODUCT_NAME = "$(TARGET_NAME)";
				SUPPORTED_PLATFORMS = "iphoneos iphonesimulator";
				SUPPORTS_MACCATALYST = NO;
				SUPPORTS_MAC_DESIGNED_FOR_IPHONE_IPAD = NO;
				SUPPORTS_XR_DESIGNED_FOR_IPHONE_IPAD = NO;
				SWIFT_EMIT_LOC_STRINGS = YES;
				SWIFT_VERSION = 5.0;
				TARGETED_DEVICE_FAMILY = 1;
			};
			name = Release;
		};
/* End XCBuildConfiguration section */

/* Begin XCConfigurationList section */
		42570E472B9983920042B338 /* Build configuration list for PBXProject "UQuiz" */ = {
			isa = XCConfigurationList;
			buildConfigurations = (
				42570E5E2B9983950042B338 /* Debug */,
				42570E5F2B9983950042B338 /* Release */,
			);
			defaultConfigurationIsVisible = 0;
			defaultConfigurationName = Release;
		};
		42570E602B9983950042B338 /* Build configuration list for PBXNativeTarget "UQuiz" */ = {
			isa = XCConfigurationList;
			buildConfigurations = (
				42570E612B9983950042B338 /* Debug */,
				42570E622B9983950042B338 /* Release */,
			);
			defaultConfigurationIsVisible = 0;
			defaultConfigurationName = Release;
		};
/* End XCConfigurationList section */

/* Begin XCRemoteSwiftPackageReference section */
		422D5F3A2BAAE81B0085E6D0 /* XCRemoteSwiftPackageReference "firebase-ios-sdk" */ = {
			isa = XCRemoteSwiftPackageReference;
			repositoryURL = "https://github.com/firebase/firebase-ios-sdk";
			requirement = {
				kind = upToNextMajorVersion;
				minimumVersion = 10.23.0;
			};
		};
		42AD0D412B9AF8CC002B8A48 /* XCRemoteSwiftPackageReference "Alamofire" */ = {
			isa = XCRemoteSwiftPackageReference;
			repositoryURL = "https://github.com/Alamofire/Alamofire.git";
			requirement = {
				kind = upToNextMajorVersion;
				minimumVersion = 5.9.0;
			};
		};
		42AD0D442B9AF8D3002B8A48 /* XCRemoteSwiftPackageReference "Kingfisher" */ = {
			isa = XCRemoteSwiftPackageReference;
			repositoryURL = "https://github.com/onevcat/Kingfisher";
			requirement = {
				kind = upToNextMajorVersion;
				minimumVersion = 7.11.0;
			};
		};
		42AD0D472B9AF8DC002B8A48 /* XCRemoteSwiftPackageReference "SnapKit" */ = {
			isa = XCRemoteSwiftPackageReference;
			repositoryURL = "https://github.com/SnapKit/SnapKit";
			requirement = {
				kind = upToNextMajorVersion;
				minimumVersion = 5.7.1;
			};
		};
		42AD0D4A2B9AF8F6002B8A48 /* XCRemoteSwiftPackageReference "realm-swift" */ = {
			isa = XCRemoteSwiftPackageReference;
			repositoryURL = "https://github.com/realm/realm-swift.git";
			requirement = {
				branch = master;
				kind = branch;
			};
		};
		42B7EC562B9EF7D100AE0F52 /* XCRemoteSwiftPackageReference "TextFieldEffects" */ = {
			isa = XCRemoteSwiftPackageReference;
			repositoryURL = "https://github.com/raulriera/TextFieldEffects.git";
			requirement = {
				kind = upToNextMajorVersion;
				minimumVersion = 1.7.0;
			};
		};
		42B7EC882BA1A14000AE0F52 /* XCRemoteSwiftPackageReference "CollectionViewPagingLayout" */ = {
			isa = XCRemoteSwiftPackageReference;
			repositoryURL = "https://github.com/amirdew/CollectionViewPagingLayout.git";
			requirement = {
				kind = upToNextMajorVersion;
				minimumVersion = 1.1.0;
			};
		};
/* End XCRemoteSwiftPackageReference section */

/* Begin XCSwiftPackageProductDependency section */
		422D5F3B2BAAE81B0085E6D0 /* FirebaseAnalyticsWithoutAdIdSupport */ = {
			isa = XCSwiftPackageProductDependency;
			package = 422D5F3A2BAAE81B0085E6D0 /* XCRemoteSwiftPackageReference "firebase-ios-sdk" */;
			productName = FirebaseAnalyticsWithoutAdIdSupport;
		};
		422D5F3D2BAAE81B0085E6D0 /* FirebaseCrashlytics */ = {
			isa = XCSwiftPackageProductDependency;
			package = 422D5F3A2BAAE81B0085E6D0 /* XCRemoteSwiftPackageReference "firebase-ios-sdk" */;
			productName = FirebaseCrashlytics;
		};
		422D5F3F2BAAE81B0085E6D0 /* FirebaseMessaging */ = {
			isa = XCSwiftPackageProductDependency;
			package = 422D5F3A2BAAE81B0085E6D0 /* XCRemoteSwiftPackageReference "firebase-ios-sdk" */;
			productName = FirebaseMessaging;
		};
		42AD0D422B9AF8CD002B8A48 /* Alamofire */ = {
			isa = XCSwiftPackageProductDependency;
			package = 42AD0D412B9AF8CC002B8A48 /* XCRemoteSwiftPackageReference "Alamofire" */;
			productName = Alamofire;
		};
		42AD0D452B9AF8D3002B8A48 /* Kingfisher */ = {
			isa = XCSwiftPackageProductDependency;
			package = 42AD0D442B9AF8D3002B8A48 /* XCRemoteSwiftPackageReference "Kingfisher" */;
			productName = Kingfisher;
		};
		42AD0D482B9AF8DC002B8A48 /* SnapKit */ = {
			isa = XCSwiftPackageProductDependency;
			package = 42AD0D472B9AF8DC002B8A48 /* XCRemoteSwiftPackageReference "SnapKit" */;
			productName = SnapKit;
		};
		42AD0D4B2B9AF8F6002B8A48 /* Realm */ = {
			isa = XCSwiftPackageProductDependency;
			package = 42AD0D4A2B9AF8F6002B8A48 /* XCRemoteSwiftPackageReference "realm-swift" */;
			productName = Realm;
		};
		42AD0D4D2B9AF8F6002B8A48 /* RealmSwift */ = {
			isa = XCSwiftPackageProductDependency;
			package = 42AD0D4A2B9AF8F6002B8A48 /* XCRemoteSwiftPackageReference "realm-swift" */;
			productName = RealmSwift;
		};
		42B7EC572B9EF7D100AE0F52 /* TextFieldEffects */ = {
			isa = XCSwiftPackageProductDependency;
			package = 42B7EC562B9EF7D100AE0F52 /* XCRemoteSwiftPackageReference "TextFieldEffects" */;
			productName = TextFieldEffects;
		};
		42B7EC892BA1A14000AE0F52 /* CollectionViewPagingLayout */ = {
			isa = XCSwiftPackageProductDependency;
			package = 42B7EC882BA1A14000AE0F52 /* XCRemoteSwiftPackageReference "CollectionViewPagingLayout" */;
			productName = CollectionViewPagingLayout;
		};
/* End XCSwiftPackageProductDependency section */
	};
	rootObject = 42570E442B9983920042B338 /* Project object */;
}
