// !$*UTF8*$!
{
	archiveVersion = 1;
	classes = {
	};
	objectVersion = 56;
	objects = {

/* Begin PBXBuildFile section */
		42570E502B9983920042B338 /* AppDelegate.swift in Sources */ = {isa = PBXBuildFile; fileRef = 42570E4F2B9983920042B338 /* AppDelegate.swift */; };
		42570E522B9983920042B338 /* SceneDelegate.swift in Sources */ = {isa = PBXBuildFile; fileRef = 42570E512B9983920042B338 /* SceneDelegate.swift */; };
		42570E542B9983920042B338 /* ViewController.swift in Sources */ = {isa = PBXBuildFile; fileRef = 42570E532B9983920042B338 /* ViewController.swift */; };
		42570E572B9983920042B338 /* Main.storyboard in Resources */ = {isa = PBXBuildFile; fileRef = 42570E552B9983920042B338 /* Main.storyboard */; };
		42570E592B9983950042B338 /* Assets.xcassets in Resources */ = {isa = PBXBuildFile; fileRef = 42570E582B9983950042B338 /* Assets.xcassets */; };
		42570E5C2B9983950042B338 /* LaunchScreen.storyboard in Resources */ = {isa = PBXBuildFile; fileRef = 42570E5A2B9983950042B338 /* LaunchScreen.storyboard */; };
		42570E642B9986060042B338 /* .gitignore in Resources */ = {isa = PBXBuildFile; fileRef = 42570E632B9986060042B338 /* .gitignore */; };
		42AD0D432B9AF8CD002B8A48 /* Alamofire in Frameworks */ = {isa = PBXBuildFile; productRef = 42AD0D422B9AF8CD002B8A48 /* Alamofire */; };
		42AD0D462B9AF8D3002B8A48 /* Kingfisher in Frameworks */ = {isa = PBXBuildFile; productRef = 42AD0D452B9AF8D3002B8A48 /* Kingfisher */; };
		42AD0D492B9AF8DC002B8A48 /* SnapKit in Frameworks */ = {isa = PBXBuildFile; productRef = 42AD0D482B9AF8DC002B8A48 /* SnapKit */; };
		42AD0D4C2B9AF8F6002B8A48 /* Realm in Frameworks */ = {isa = PBXBuildFile; productRef = 42AD0D4B2B9AF8F6002B8A48 /* Realm */; };
		42AD0D4E2B9AF8F6002B8A48 /* RealmSwift in Frameworks */ = {isa = PBXBuildFile; productRef = 42AD0D4D2B9AF8F6002B8A48 /* RealmSwift */; };
/* End PBXBuildFile section */

/* Begin PBXFileReference section */
		42570E4C2B9983920042B338 /* UQuiz.app */ = {isa = PBXFileReference; explicitFileType = wrapper.application; includeInIndex = 0; path = UQuiz.app; sourceTree = BUILT_PRODUCTS_DIR; };
		42570E4F2B9983920042B338 /* AppDelegate.swift */ = {isa = PBXFileReference; lastKnownFileType = sourcecode.swift; path = AppDelegate.swift; sourceTree = "<group>"; };
		42570E512B9983920042B338 /* SceneDelegate.swift */ = {isa = PBXFileReference; lastKnownFileType = sourcecode.swift; path = SceneDelegate.swift; sourceTree = "<group>"; };
		42570E532B9983920042B338 /* ViewController.swift */ = {isa = PBXFileReference; lastKnownFileType = sourcecode.swift; path = ViewController.swift; sourceTree = "<group>"; };
		42570E562B9983920042B338 /* Base */ = {isa = PBXFileReference; lastKnownFileType = file.storyboard; name = Base; path = Base.lproj/Main.storyboard; sourceTree = "<group>"; };
		42570E582B9983950042B338 /* Assets.xcassets */ = {isa = PBXFileReference; lastKnownFileType = folder.assetcatalog; path = Assets.xcassets; sourceTree = "<group>"; };
		42570E5B2B9983950042B338 /* Base */ = {isa = PBXFileReference; lastKnownFileType = file.storyboard; name = Base; path = Base.lproj/LaunchScreen.storyboard; sourceTree = "<group>"; };
		42570E5D2B9983950042B338 /* Info.plist */ = {isa = PBXFileReference; lastKnownFileType = text.plist.xml; path = Info.plist; sourceTree = "<group>"; };
		42570E632B9986060042B338 /* .gitignore */ = {isa = PBXFileReference; lastKnownFileType = text; path = .gitignore; sourceTree = "<group>"; };
/* End PBXFileReference section */

/* Begin PBXFrameworksBuildPhase section */
		42570E492B9983920042B338 /* Frameworks */ = {
			isa = PBXFrameworksBuildPhase;
			buildActionMask = 2147483647;
			files = (
				42AD0D492B9AF8DC002B8A48 /* SnapKit in Frameworks */,
				42AD0D462B9AF8D3002B8A48 /* Kingfisher in Frameworks */,
				42AD0D4C2B9AF8F6002B8A48 /* Realm in Frameworks */,
				42AD0D4E2B9AF8F6002B8A48 /* RealmSwift in Frameworks */,
				42AD0D432B9AF8CD002B8A48 /* Alamofire in Frameworks */,
			);
			runOnlyForDeploymentPostprocessing = 0;
		};
/* End PBXFrameworksBuildPhase section */

/* Begin PBXGroup section */
		42570E432B9983920042B338 = {
			isa = PBXGroup;
			children = (
				42570E632B9986060042B338 /* .gitignore */,
				42570E4E2B9983920042B338 /* UQuiz */,
				42570E4D2B9983920042B338 /* Products */,
			);
			sourceTree = "<group>";
		};
		42570E4D2B9983920042B338 /* Products */ = {
			isa = PBXGroup;
			children = (
				42570E4C2B9983920042B338 /* UQuiz.app */,
			);
			name = Products;
			sourceTree = "<group>";
		};
		42570E4E2B9983920042B338 /* UQuiz */ = {
			isa = PBXGroup;
			children = (
				42570E4F2B9983920042B338 /* AppDelegate.swift */,
				42570E512B9983920042B338 /* SceneDelegate.swift */,
				42570E532B9983920042B338 /* ViewController.swift */,
				42570E552B9983920042B338 /* Main.storyboard */,
				42570E582B9983950042B338 /* Assets.xcassets */,
				42570E5A2B9983950042B338 /* LaunchScreen.storyboard */,
				42570E5D2B9983950042B338 /* Info.plist */,
			);
			path = UQuiz;
			sourceTree = "<group>";
		};
/* End PBXGroup section */

/* Begin PBXNativeTarget section */
		42570E4B2B9983920042B338 /* UQuiz */ = {
			isa = PBXNativeTarget;
			buildConfigurationList = 42570E602B9983950042B338 /* Build configuration list for PBXNativeTarget "UQuiz" */;
			buildPhases = (
				42570E482B9983920042B338 /* Sources */,
				42570E492B9983920042B338 /* Frameworks */,
				42570E4A2B9983920042B338 /* Resources */,
			);
			buildRules = (
			);
			dependencies = (
			);
			name = UQuiz;
			packageProductDependencies = (
				42AD0D422B9AF8CD002B8A48 /* Alamofire */,
				42AD0D452B9AF8D3002B8A48 /* Kingfisher */,
				42AD0D482B9AF8DC002B8A48 /* SnapKit */,
				42AD0D4B2B9AF8F6002B8A48 /* Realm */,
				42AD0D4D2B9AF8F6002B8A48 /* RealmSwift */,
			);
			productName = UQuiz;
			productReference = 42570E4C2B9983920042B338 /* UQuiz.app */;
			productType = "com.apple.product-type.application";
		};
/* End PBXNativeTarget section */

/* Begin PBXProject section */
		42570E442B9983920042B338 /* Project object */ = {
			isa = PBXProject;
			attributes = {
				BuildIndependentTargetsInParallel = 1;
				LastSwiftUpdateCheck = 1510;
				LastUpgradeCheck = 1510;
				TargetAttributes = {
					42570E4B2B9983920042B338 = {
						CreatedOnToolsVersion = 15.1;
					};
				};
			};
			buildConfigurationList = 42570E472B9983920042B338 /* Build configuration list for PBXProject "UQuiz" */;
			compatibilityVersion = "Xcode 14.0";
			developmentRegion = en;
			hasScannedForEncodings = 0;
			knownRegions = (
				en,
				Base,
			);
			mainGroup = 42570E432B9983920042B338;
			packageReferences = (
				42AD0D412B9AF8CC002B8A48 /* XCRemoteSwiftPackageReference "Alamofire" */,
				42AD0D442B9AF8D3002B8A48 /* XCRemoteSwiftPackageReference "Kingfisher" */,
				42AD0D472B9AF8DC002B8A48 /* XCRemoteSwiftPackageReference "SnapKit" */,
				42AD0D4A2B9AF8F6002B8A48 /* XCRemoteSwiftPackageReference "realm-swift" */,
			);
			productRefGroup = 42570E4D2B9983920042B338 /* Products */;
			projectDirPath = "";
			projectRoot = "";
			targets = (
				42570E4B2B9983920042B338 /* UQuiz */,
			);
		};
/* End PBXProject section */

/* Begin PBXResourcesBuildPhase section */
		42570E4A2B9983920042B338 /* Resources */ = {
			isa = PBXResourcesBuildPhase;
			buildActionMask = 2147483647;
			files = (
				42570E642B9986060042B338 /* .gitignore in Resources */,
				42570E5C2B9983950042B338 /* LaunchScreen.storyboard in Resources */,
				42570E592B9983950042B338 /* Assets.xcassets in Resources */,
				42570E572B9983920042B338 /* Main.storyboard in Resources */,
			);
			runOnlyForDeploymentPostprocessing = 0;
		};
/* End PBXResourcesBuildPhase section */

/* Begin PBXSourcesBuildPhase section */
		42570E482B9983920042B338 /* Sources */ = {
			isa = PBXSourcesBuildPhase;
			buildActionMask = 2147483647;
			files = (
				42570E542B9983920042B338 /* ViewController.swift in Sources */,
				42570E502B9983920042B338 /* AppDelegate.swift in Sources */,
				42570E522B9983920042B338 /* SceneDelegate.swift in Sources */,
			);
			runOnlyForDeploymentPostprocessing = 0;
		};
/* End PBXSourcesBuildPhase section */

/* Begin PBXVariantGroup section */
		42570E552B9983920042B338 /* Main.storyboard */ = {
			isa = PBXVariantGroup;
			children = (
				42570E562B9983920042B338 /* Base */,
			);
			name = Main.storyboard;
			sourceTree = "<group>";
		};
		42570E5A2B9983950042B338 /* LaunchScreen.storyboard */ = {
			isa = PBXVariantGroup;
			children = (
				42570E5B2B9983950042B338 /* Base */,
			);
			name = LaunchScreen.storyboard;
			sourceTree = "<group>";
		};
/* End PBXVariantGroup section */

/* Begin XCBuildConfiguration section */
		42570E5E2B9983950042B338 /* Debug */ = {
			isa = XCBuildConfiguration;
			buildSettings = {
				ALWAYS_SEARCH_USER_PATHS = NO;
				ASSETCATALOG_COMPILER_GENERATE_SWIFT_ASSET_SYMBOL_EXTENSIONS = YES;
				CLANG_ANALYZER_NONNULL = YES;
				CLANG_ANALYZER_NUMBER_OBJECT_CONVERSION = YES_AGGRESSIVE;
				CLANG_CXX_LANGUAGE_STANDARD = "gnu++20";
				CLANG_ENABLE_MODULES = YES;
				CLANG_ENABLE_OBJC_ARC = YES;
				CLANG_ENABLE_OBJC_WEAK = YES;
				CLANG_WARN_BLOCK_CAPTURE_AUTORELEASING = YES;
				CLANG_WARN_BOOL_CONVERSION = YES;
				CLANG_WARN_COMMA = YES;
				CLANG_WARN_CONSTANT_CONVERSION = YES;
				CLANG_WARN_DEPRECATED_OBJC_IMPLEMENTATIONS = YES;
				CLANG_WARN_DIRECT_OBJC_ISA_USAGE = YES_ERROR;
				CLANG_WARN_DOCUMENTATION_COMMENTS = YES;
				CLANG_WARN_EMPTY_BODY = YES;
				CLANG_WARN_ENUM_CONVERSION = YES;
				CLANG_WARN_INFINITE_RECURSION = YES;
				CLANG_WARN_INT_CONVERSION = YES;
				CLANG_WARN_NON_LITERAL_NULL_CONVERSION = YES;
				CLANG_WARN_OBJC_IMPLICIT_RETAIN_SELF = YES;
				CLANG_WARN_OBJC_LITERAL_CONVERSION = YES;
				CLANG_WARN_OBJC_ROOT_CLASS = YES_ERROR;
				CLANG_WARN_QUOTED_INCLUDE_IN_FRAMEWORK_HEADER = YES;
				CLANG_WARN_RANGE_LOOP_ANALYSIS = YES;
				CLANG_WARN_STRICT_PROTOTYPES = YES;
				CLANG_WARN_SUSPICIOUS_MOVE = YES;
				CLANG_WARN_UNGUARDED_AVAILABILITY = YES_AGGRESSIVE;
				CLANG_WARN_UNREACHABLE_CODE = YES;
				CLANG_WARN__DUPLICATE_METHOD_MATCH = YES;
				COPY_PHASE_STRIP = NO;
				DEBUG_INFORMATION_FORMAT = dwarf;
				ENABLE_STRICT_OBJC_MSGSEND = YES;
				ENABLE_TESTABILITY = YES;
				ENABLE_USER_SCRIPT_SANDBOXING = YES;
				GCC_C_LANGUAGE_STANDARD = gnu17;
				GCC_DYNAMIC_NO_PIC = NO;
				GCC_NO_COMMON_BLOCKS = YES;
				GCC_OPTIMIZATION_LEVEL = 0;
				GCC_PREPROCESSOR_DEFINITIONS = (
					"DEBUG=1",
					"$(inherited)",
				);
				GCC_WARN_64_TO_32_BIT_CONVERSION = YES;
				GCC_WARN_ABOUT_RETURN_TYPE = YES_ERROR;
				GCC_WARN_UNDECLARED_SELECTOR = YES;
				GCC_WARN_UNINITIALIZED_AUTOS = YES_AGGRESSIVE;
				GCC_WARN_UNUSED_FUNCTION = YES;
				GCC_WARN_UNUSED_VARIABLE = YES;
				IPHONEOS_DEPLOYMENT_TARGET = 17.2;
				LOCALIZATION_PREFERS_STRING_CATALOGS = YES;
				MTL_ENABLE_DEBUG_INFO = INCLUDE_SOURCE;
				MTL_FAST_MATH = YES;
				ONLY_ACTIVE_ARCH = YES;
				SDKROOT = iphoneos;
				SWIFT_ACTIVE_COMPILATION_CONDITIONS = "DEBUG $(inherited)";
				SWIFT_OPTIMIZATION_LEVEL = "-Onone";
			};
			name = Debug;
		};
		42570E5F2B9983950042B338 /* Release */ = {
			isa = XCBuildConfiguration;
			buildSettings = {
				ALWAYS_SEARCH_USER_PATHS = NO;
				ASSETCATALOG_COMPILER_GENERATE_SWIFT_ASSET_SYMBOL_EXTENSIONS = YES;
				CLANG_ANALYZER_NONNULL = YES;
				CLANG_ANALYZER_NUMBER_OBJECT_CONVERSION = YES_AGGRESSIVE;
				CLANG_CXX_LANGUAGE_STANDARD = "gnu++20";
				CLANG_ENABLE_MODULES = YES;
				CLANG_ENABLE_OBJC_ARC = YES;
				CLANG_ENABLE_OBJC_WEAK = YES;
				CLANG_WARN_BLOCK_CAPTURE_AUTORELEASING = YES;
				CLANG_WARN_BOOL_CONVERSION = YES;
				CLANG_WARN_COMMA = YES;
				CLANG_WARN_CONSTANT_CONVERSION = YES;
				CLANG_WARN_DEPRECATED_OBJC_IMPLEMENTATIONS = YES;
				CLANG_WARN_DIRECT_OBJC_ISA_USAGE = YES_ERROR;
				CLANG_WARN_DOCUMENTATION_COMMENTS = YES;
				CLANG_WARN_EMPTY_BODY = YES;
				CLANG_WARN_ENUM_CONVERSION = YES;
				CLANG_WARN_INFINITE_RECURSION = YES;
				CLANG_WARN_INT_CONVERSION = YES;
				CLANG_WARN_NON_LITERAL_NULL_CONVERSION = YES;
				CLANG_WARN_OBJC_IMPLICIT_RETAIN_SELF = YES;
				CLANG_WARN_OBJC_LITERAL_CONVERSION = YES;
				CLANG_WARN_OBJC_ROOT_CLASS = YES_ERROR;
				CLANG_WARN_QUOTED_INCLUDE_IN_FRAMEWORK_HEADER = YES;
				CLANG_WARN_RANGE_LOOP_ANALYSIS = YES;
				CLANG_WARN_STRICT_PROTOTYPES = YES;
				CLANG_WARN_SUSPICIOUS_MOVE = YES;
				CLANG_WARN_UNGUARDED_AVAILABILITY = YES_AGGRESSIVE;
				CLANG_WARN_UNREACHABLE_CODE = YES;
				CLANG_WARN__DUPLICATE_METHOD_MATCH = YES;
				COPY_PHASE_STRIP = NO;
				DEBUG_INFORMATION_FORMAT = "dwarf-with-dsym";
				ENABLE_NS_ASSERTIONS = NO;
				ENABLE_STRICT_OBJC_MSGSEND = YES;
				ENABLE_USER_SCRIPT_SANDBOXING = YES;
				GCC_C_LANGUAGE_STANDARD = gnu17;
				GCC_NO_COMMON_BLOCKS = YES;
				GCC_WARN_64_TO_32_BIT_CONVERSION = YES;
				GCC_WARN_ABOUT_RETURN_TYPE = YES_ERROR;
				GCC_WARN_UNDECLARED_SELECTOR = YES;
				GCC_WARN_UNINITIALIZED_AUTOS = YES_AGGRESSIVE;
				GCC_WARN_UNUSED_FUNCTION = YES;
				GCC_WARN_UNUSED_VARIABLE = YES;
				IPHONEOS_DEPLOYMENT_TARGET = 17.2;
				LOCALIZATION_PREFERS_STRING_CATALOGS = YES;
				MTL_ENABLE_DEBUG_INFO = NO;
				MTL_FAST_MATH = YES;
				SDKROOT = iphoneos;
				SWIFT_COMPILATION_MODE = wholemodule;
				VALIDATE_PRODUCT = YES;
			};
			name = Release;
		};
		42570E612B9983950042B338 /* Debug */ = {
			isa = XCBuildConfiguration;
			buildSettings = {
				ASSETCATALOG_COMPILER_APPICON_NAME = AppIcon;
				ASSETCATALOG_COMPILER_GLOBAL_ACCENT_COLOR_NAME = AccentColor;
				CODE_SIGN_STYLE = Automatic;
				CURRENT_PROJECT_VERSION = 1;
				DEVELOPMENT_TEAM = HR74YJR7W4;
				GENERATE_INFOPLIST_FILE = YES;
				INFOPLIST_FILE = UQuiz/Info.plist;
				INFOPLIST_KEY_UIApplicationSupportsIndirectInputEvents = YES;
				INFOPLIST_KEY_UILaunchStoryboardName = LaunchScreen;
				INFOPLIST_KEY_UIMainStoryboardFile = Main;
				INFOPLIST_KEY_UISupportedInterfaceOrientations_iPad = "UIInterfaceOrientationPortrait UIInterfaceOrientationPortraitUpsideDown UIInterfaceOrientationLandscapeLeft UIInterfaceOrientationLandscapeRight";
				INFOPLIST_KEY_UISupportedInterfaceOrientations_iPhone = "UIInterfaceOrientationPortrait UIInterfaceOrientationLandscapeLeft UIInterfaceOrientationLandscapeRight";
				LD_RUNPATH_SEARCH_PATHS = (
					"$(inherited)",
					"@executable_path/Frameworks",
				);
				MARKETING_VERSION = 1.0;
				PRODUCT_BUNDLE_IDENTIFIER = com.greed.UQuiz;
				PRODUCT_NAME = "$(TARGET_NAME)";
				SWIFT_EMIT_LOC_STRINGS = YES;
				SWIFT_VERSION = 5.0;
				TARGETED_DEVICE_FAMILY = "1,2";
			};
			name = Debug;
		};
		42570E622B9983950042B338 /* Release */ = {
			isa = XCBuildConfiguration;
			buildSettings = {
				ASSETCATALOG_COMPILER_APPICON_NAME = AppIcon;
				ASSETCATALOG_COMPILER_GLOBAL_ACCENT_COLOR_NAME = AccentColor;
				CODE_SIGN_STYLE = Automatic;
				CURRENT_PROJECT_VERSION = 1;
				DEVELOPMENT_TEAM = HR74YJR7W4;
				GENERATE_INFOPLIST_FILE = YES;
				INFOPLIST_FILE = UQuiz/Info.plist;
				INFOPLIST_KEY_UIApplicationSupportsIndirectInputEvents = YES;
				INFOPLIST_KEY_UILaunchStoryboardName = LaunchScreen;
				INFOPLIST_KEY_UIMainStoryboardFile = Main;
				INFOPLIST_KEY_UISupportedInterfaceOrientations_iPad = "UIInterfaceOrientationPortrait UIInterfaceOrientationPortraitUpsideDown UIInterfaceOrientationLandscapeLeft UIInterfaceOrientationLandscapeRight";
				INFOPLIST_KEY_UISupportedInterfaceOrientations_iPhone = "UIInterfaceOrientationPortrait UIInterfaceOrientationLandscapeLeft UIInterfaceOrientationLandscapeRight";
				LD_RUNPATH_SEARCH_PATHS = (
					"$(inherited)",
					"@executable_path/Frameworks",
				);
				MARKETING_VERSION = 1.0;
				PRODUCT_BUNDLE_IDENTIFIER = com.greed.UQuiz;
				PRODUCT_NAME = "$(TARGET_NAME)";
				SWIFT_EMIT_LOC_STRINGS = YES;
				SWIFT_VERSION = 5.0;
				TARGETED_DEVICE_FAMILY = "1,2";
			};
			name = Release;
		};
/* End XCBuildConfiguration section */

/* Begin XCConfigurationList section */
		42570E472B9983920042B338 /* Build configuration list for PBXProject "UQuiz" */ = {
			isa = XCConfigurationList;
			buildConfigurations = (
				42570E5E2B9983950042B338 /* Debug */,
				42570E5F2B9983950042B338 /* Release */,
			);
			defaultConfigurationIsVisible = 0;
			defaultConfigurationName = Release;
		};
		42570E602B9983950042B338 /* Build configuration list for PBXNativeTarget "UQuiz" */ = {
			isa = XCConfigurationList;
			buildConfigurations = (
				42570E612B9983950042B338 /* Debug */,
				42570E622B9983950042B338 /* Release */,
			);
			defaultConfigurationIsVisible = 0;
			defaultConfigurationName = Release;
		};
/* End XCConfigurationList section */

/* Begin XCRemoteSwiftPackageReference section */
		42AD0D412B9AF8CC002B8A48 /* XCRemoteSwiftPackageReference "Alamofire" */ = {
			isa = XCRemoteSwiftPackageReference;
			repositoryURL = "https://github.com/Alamofire/Alamofire.git";
			requirement = {
				kind = upToNextMajorVersion;
				minimumVersion = 5.9.0;
			};
		};
		42AD0D442B9AF8D3002B8A48 /* XCRemoteSwiftPackageReference "Kingfisher" */ = {
			isa = XCRemoteSwiftPackageReference;
			repositoryURL = "https://github.com/onevcat/Kingfisher";
			requirement = {
				kind = upToNextMajorVersion;
				minimumVersion = 7.11.0;
			};
		};
		42AD0D472B9AF8DC002B8A48 /* XCRemoteSwiftPackageReference "SnapKit" */ = {
			isa = XCRemoteSwiftPackageReference;
			repositoryURL = "https://github.com/SnapKit/SnapKit";
			requirement = {
				kind = upToNextMajorVersion;
				minimumVersion = 5.7.1;
			};
		};
		42AD0D4A2B9AF8F6002B8A48 /* XCRemoteSwiftPackageReference "realm-swift" */ = {
			isa = XCRemoteSwiftPackageReference;
			repositoryURL = "https://github.com/realm/realm-swift.git";
			requirement = {
				branch = master;
				kind = branch;
			};
		};
/* End XCRemoteSwiftPackageReference section */

/* Begin XCSwiftPackageProductDependency section */
		42AD0D422B9AF8CD002B8A48 /* Alamofire */ = {
			isa = XCSwiftPackageProductDependency;
			package = 42AD0D412B9AF8CC002B8A48 /* XCRemoteSwiftPackageReference "Alamofire" */;
			productName = Alamofire;
		};
		42AD0D452B9AF8D3002B8A48 /* Kingfisher */ = {
			isa = XCSwiftPackageProductDependency;
			package = 42AD0D442B9AF8D3002B8A48 /* XCRemoteSwiftPackageReference "Kingfisher" */;
			productName = Kingfisher;
		};
		42AD0D482B9AF8DC002B8A48 /* SnapKit */ = {
			isa = XCSwiftPackageProductDependency;
			package = 42AD0D472B9AF8DC002B8A48 /* XCRemoteSwiftPackageReference "SnapKit" */;
			productName = SnapKit;
		};
		42AD0D4B2B9AF8F6002B8A48 /* Realm */ = {
			isa = XCSwiftPackageProductDependency;
			package = 42AD0D4A2B9AF8F6002B8A48 /* XCRemoteSwiftPackageReference "realm-swift" */;
			productName = Realm;
		};
		42AD0D4D2B9AF8F6002B8A48 /* RealmSwift */ = {
			isa = XCSwiftPackageProductDependency;
			package = 42AD0D4A2B9AF8F6002B8A48 /* XCRemoteSwiftPackageReference "realm-swift" */;
			productName = RealmSwift;
		};
/* End XCSwiftPackageProductDependency section */
	};
	rootObject = 42570E442B9983920042B338 /* Project object */;
}
