// !$*UTF8*$!
{
	archiveVersion = 1;
	classes = {
	};
	objectVersion = 60;
	objects = {

/* Begin PBXBuildFile section */
		42570E502B9983920042B338 /* AppDelegate.swift in Sources */ = {isa = PBXBuildFile; fileRef = 42570E4F2B9983920042B338 /* AppDelegate.swift */; };
		42570E522B9983920042B338 /* SceneDelegate.swift in Sources */ = {isa = PBXBuildFile; fileRef = 42570E512B9983920042B338 /* SceneDelegate.swift */; };
		42570E542B9983920042B338 /* MovieSearchViewController.swift in Sources */ = {isa = PBXBuildFile; fileRef = 42570E532B9983920042B338 /* MovieSearchViewController.swift */; };
		42570E592B9983950042B338 /* Assets.xcassets in Resources */ = {isa = PBXBuildFile; fileRef = 42570E582B9983950042B338 /* Assets.xcassets */; };
		42570E5C2B9983950042B338 /* LaunchScreen.storyboard in Resources */ = {isa = PBXBuildFile; fileRef = 42570E5A2B9983950042B338 /* LaunchScreen.storyboard */; };
		42570E642B9986060042B338 /* .gitignore in Resources */ = {isa = PBXBuildFile; fileRef = 42570E632B9986060042B338 /* .gitignore */; };
		42AD0D432B9AF8CD002B8A48 /* Alamofire in Frameworks */ = {isa = PBXBuildFile; productRef = 42AD0D422B9AF8CD002B8A48 /* Alamofire */; };
		42AD0D462B9AF8D3002B8A48 /* Kingfisher in Frameworks */ = {isa = PBXBuildFile; productRef = 42AD0D452B9AF8D3002B8A48 /* Kingfisher */; };
		42AD0D492B9AF8DC002B8A48 /* SnapKit in Frameworks */ = {isa = PBXBuildFile; productRef = 42AD0D482B9AF8DC002B8A48 /* SnapKit */; };
		42AD0D4C2B9AF8F6002B8A48 /* Realm in Frameworks */ = {isa = PBXBuildFile; productRef = 42AD0D4B2B9AF8F6002B8A48 /* Realm */; };
		42AD0D4E2B9AF8F6002B8A48 /* RealmSwift in Frameworks */ = {isa = PBXBuildFile; productRef = 42AD0D4D2B9AF8F6002B8A48 /* RealmSwift */; };
		42AD0D542B9AFA33002B8A48 /* BaseViewController.swift in Sources */ = {isa = PBXBuildFile; fileRef = 42AD0D532B9AFA33002B8A48 /* BaseViewController.swift */; };
		42AD0D562B9AFAD9002B8A48 /* BaseView.swift in Sources */ = {isa = PBXBuildFile; fileRef = 42AD0D552B9AFAD9002B8A48 /* BaseView.swift */; };
		42AD0D582B9AFB53002B8A48 /* BaseCollectionViewCell.swift in Sources */ = {isa = PBXBuildFile; fileRef = 42AD0D572B9AFB53002B8A48 /* BaseCollectionViewCell.swift */; };
		42AD0D5A2B9AFB9F002B8A48 /* UIColor+Extension.swift in Sources */ = {isa = PBXBuildFile; fileRef = 42AD0D592B9AFB9F002B8A48 /* UIColor+Extension.swift */; };
		42AD0D5C2B9AFBD6002B8A48 /* UIView+Extension.swift in Sources */ = {isa = PBXBuildFile; fileRef = 42AD0D5B2B9AFBD6002B8A48 /* UIView+Extension.swift */; };
		42AD0D612B9AFD0E002B8A48 /* MoviePackage.swift in Sources */ = {isa = PBXBuildFile; fileRef = 42AD0D602B9AFD0E002B8A48 /* MoviePackage.swift */; };
		42AD0D632B9AFDCB002B8A48 /* SearchMovie.swift in Sources */ = {isa = PBXBuildFile; fileRef = 42AD0D622B9AFDCB002B8A48 /* SearchMovie.swift */; };
		42AD0D652B9B00AD002B8A48 /* TMDBAPIManager.swift in Sources */ = {isa = PBXBuildFile; fileRef = 42AD0D642B9B00AD002B8A48 /* TMDBAPIManager.swift */; };
		42AD0D672B9B00EE002B8A48 /* Router.swift in Sources */ = {isa = PBXBuildFile; fileRef = 42AD0D662B9B00EE002B8A48 /* Router.swift */; };
		42AD0D692B9B010F002B8A48 /* APIKey.swift in Sources */ = {isa = PBXBuildFile; fileRef = 42AD0D682B9B010F002B8A48 /* APIKey.swift */; };
		42AD0D6C2B9B09AD002B8A48 /* MovieSearchView.swift in Sources */ = {isa = PBXBuildFile; fileRef = 42AD0D6B2B9B09AD002B8A48 /* MovieSearchView.swift */; };
		42AD0D6E2B9B09E9002B8A48 /* MovieSearchViewModel.swift in Sources */ = {isa = PBXBuildFile; fileRef = 42AD0D6D2B9B09E9002B8A48 /* MovieSearchViewModel.swift */; };
		42AD0D712B9B0AEA002B8A48 /* Observable.swift in Sources */ = {isa = PBXBuildFile; fileRef = 42AD0D702B9B0AEA002B8A48 /* Observable.swift */; };
		42AD0D7A2B9B1306002B8A48 /* Localizable.xcstrings in Resources */ = {isa = PBXBuildFile; fileRef = 42AD0D792B9B1306002B8A48 /* Localizable.xcstrings */; };
		42AD0D7D2B9B132D002B8A48 /* String+Extension.swift in Sources */ = {isa = PBXBuildFile; fileRef = 42AD0D7C2B9B132D002B8A48 /* String+Extension.swift */; };
		42AD0D802B9C695A002B8A48 /* PosterURL.swift in Sources */ = {isa = PBXBuildFile; fileRef = 42AD0D7F2B9C695A002B8A48 /* PosterURL.swift */; };
		42AD0D852B9D8BC7002B8A48 /* MovieInfoCollectionViewCell.swift in Sources */ = {isa = PBXBuildFile; fileRef = 42AD0D842B9D8BC7002B8A48 /* MovieInfoCollectionViewCell.swift */; };
		42AD0D882B9D95C5002B8A48 /* MainTabBarController.swift in Sources */ = {isa = PBXBuildFile; fileRef = 42AD0D872B9D95C5002B8A48 /* MainTabBarController.swift */; };
		42AD0D8A2B9DAF55002B8A48 /* UIViewController+Extension.swift in Sources */ = {isa = PBXBuildFile; fileRef = 42AD0D892B9DAF55002B8A48 /* UIViewController+Extension.swift */; };
		42B7EC492B9ED56A00AE0F52 /* SettingViewController.swift in Sources */ = {isa = PBXBuildFile; fileRef = 42B7EC482B9ED56A00AE0F52 /* SettingViewController.swift */; };
		42B7EC4C2B9ED58B00AE0F52 /* QuizListViewController.swift in Sources */ = {isa = PBXBuildFile; fileRef = 42B7EC4B2B9ED58B00AE0F52 /* QuizListViewController.swift */; };
		42B7EC4F2B9EE69300AE0F52 /* MakeMovieAreaQuizViewController.swift in Sources */ = {isa = PBXBuildFile; fileRef = 42B7EC4E2B9EE69300AE0F52 /* MakeMovieAreaQuizViewController.swift */; };
		42B7EC512B9EE77B00AE0F52 /* MakeMovieAreaQuizView.swift in Sources */ = {isa = PBXBuildFile; fileRef = 42B7EC502B9EE77B00AE0F52 /* MakeMovieAreaQuizView.swift */; };
		42B7EC532B9EF46E00AE0F52 /* SetNicknameViewController.swift in Sources */ = {isa = PBXBuildFile; fileRef = 42B7EC522B9EF46E00AE0F52 /* SetNicknameViewController.swift */; };
		42B7EC552B9EF49C00AE0F52 /* SetNicknameView.swift in Sources */ = {isa = PBXBuildFile; fileRef = 42B7EC542B9EF49C00AE0F52 /* SetNicknameView.swift */; };
		42B7EC582B9EF7D100AE0F52 /* TextFieldEffects in Frameworks */ = {isa = PBXBuildFile; productRef = 42B7EC572B9EF7D100AE0F52 /* TextFieldEffects */; };
		42B7EC5B2B9EF82200AE0F52 /* RoundImageView.swift in Sources */ = {isa = PBXBuildFile; fileRef = 42B7EC5A2B9EF82200AE0F52 /* RoundImageView.swift */; };
		42B7EC5D2B9F065200AE0F52 /* UserDefaultsManager.swift in Sources */ = {isa = PBXBuildFile; fileRef = 42B7EC5C2B9F065200AE0F52 /* UserDefaultsManager.swift */; };
		42B7EC5F2B9F06E500AE0F52 /* SetNicknameViewModel.swift in Sources */ = {isa = PBXBuildFile; fileRef = 42B7EC5E2B9F06E500AE0F52 /* SetNicknameViewModel.swift */; };
		42B7EC612B9F0BBD00AE0F52 /* SettingView.swift in Sources */ = {isa = PBXBuildFile; fileRef = 42B7EC602B9F0BBD00AE0F52 /* SettingView.swift */; };
		42B7EC632B9F0D0000AE0F52 /* ProfileSettingCollectionViewCell.swift in Sources */ = {isa = PBXBuildFile; fileRef = 42B7EC622B9F0D0000AE0F52 /* ProfileSettingCollectionViewCell.swift */; };
		42B7EC652B9F119800AE0F52 /* MakerInfo.swift in Sources */ = {isa = PBXBuildFile; fileRef = 42B7EC642B9F119800AE0F52 /* MakerInfo.swift */; };
/* End PBXBuildFile section */

/* Begin PBXFileReference section */
		42570E4C2B9983920042B338 /* UQuiz.app */ = {isa = PBXFileReference; explicitFileType = wrapper.application; includeInIndex = 0; path = UQuiz.app; sourceTree = BUILT_PRODUCTS_DIR; };
		42570E4F2B9983920042B338 /* AppDelegate.swift */ = {isa = PBXFileReference; lastKnownFileType = sourcecode.swift; path = AppDelegate.swift; sourceTree = "<group>"; };
		42570E512B9983920042B338 /* SceneDelegate.swift */ = {isa = PBXFileReference; lastKnownFileType = sourcecode.swift; path = SceneDelegate.swift; sourceTree = "<group>"; };
		42570E532B9983920042B338 /* MovieSearchViewController.swift */ = {isa = PBXFileReference; lastKnownFileType = sourcecode.swift; path = MovieSearchViewController.swift; sourceTree = "<group>"; };
		42570E582B9983950042B338 /* Assets.xcassets */ = {isa = PBXFileReference; lastKnownFileType = folder.assetcatalog; path = Assets.xcassets; sourceTree = "<group>"; };
		42570E5B2B9983950042B338 /* Base */ = {isa = PBXFileReference; lastKnownFileType = file.storyboard; name = Base; path = Base.lproj/LaunchScreen.storyboard; sourceTree = "<group>"; };
		42570E5D2B9983950042B338 /* Info.plist */ = {isa = PBXFileReference; lastKnownFileType = text.plist.xml; path = Info.plist; sourceTree = "<group>"; };
		42570E632B9986060042B338 /* .gitignore */ = {isa = PBXFileReference; lastKnownFileType = text; path = .gitignore; sourceTree = "<group>"; };
		42AD0D532B9AFA33002B8A48 /* BaseViewController.swift */ = {isa = PBXFileReference; lastKnownFileType = sourcecode.swift; path = BaseViewController.swift; sourceTree = "<group>"; };
		42AD0D552B9AFAD9002B8A48 /* BaseView.swift */ = {isa = PBXFileReference; lastKnownFileType = sourcecode.swift; path = BaseView.swift; sourceTree = "<group>"; };
		42AD0D572B9AFB53002B8A48 /* BaseCollectionViewCell.swift */ = {isa = PBXFileReference; lastKnownFileType = sourcecode.swift; path = BaseCollectionViewCell.swift; sourceTree = "<group>"; };
		42AD0D592B9AFB9F002B8A48 /* UIColor+Extension.swift */ = {isa = PBXFileReference; lastKnownFileType = sourcecode.swift; path = "UIColor+Extension.swift"; sourceTree = "<group>"; };
		42AD0D5B2B9AFBD6002B8A48 /* UIView+Extension.swift */ = {isa = PBXFileReference; lastKnownFileType = sourcecode.swift; path = "UIView+Extension.swift"; sourceTree = "<group>"; };
		42AD0D602B9AFD0E002B8A48 /* MoviePackage.swift */ = {isa = PBXFileReference; lastKnownFileType = sourcecode.swift; path = MoviePackage.swift; sourceTree = "<group>"; };
		42AD0D622B9AFDCB002B8A48 /* SearchMovie.swift */ = {isa = PBXFileReference; lastKnownFileType = sourcecode.swift; path = SearchMovie.swift; sourceTree = "<group>"; };
		42AD0D642B9B00AD002B8A48 /* TMDBAPIManager.swift */ = {isa = PBXFileReference; lastKnownFileType = sourcecode.swift; path = TMDBAPIManager.swift; sourceTree = "<group>"; };
		42AD0D662B9B00EE002B8A48 /* Router.swift */ = {isa = PBXFileReference; lastKnownFileType = sourcecode.swift; path = Router.swift; sourceTree = "<group>"; };
		42AD0D682B9B010F002B8A48 /* APIKey.swift */ = {isa = PBXFileReference; lastKnownFileType = sourcecode.swift; path = APIKey.swift; sourceTree = "<group>"; };
		42AD0D6B2B9B09AD002B8A48 /* MovieSearchView.swift */ = {isa = PBXFileReference; lastKnownFileType = sourcecode.swift; path = MovieSearchView.swift; sourceTree = "<group>"; };
		42AD0D6D2B9B09E9002B8A48 /* MovieSearchViewModel.swift */ = {isa = PBXFileReference; lastKnownFileType = sourcecode.swift; path = MovieSearchViewModel.swift; sourceTree = "<group>"; };
		42AD0D702B9B0AEA002B8A48 /* Observable.swift */ = {isa = PBXFileReference; lastKnownFileType = sourcecode.swift; path = Observable.swift; sourceTree = "<group>"; };
		42AD0D792B9B1306002B8A48 /* Localizable.xcstrings */ = {isa = PBXFileReference; lastKnownFileType = text.json.xcstrings; path = Localizable.xcstrings; sourceTree = "<group>"; };
		42AD0D7B2B9B1306002B8A48 /* mul */ = {isa = PBXFileReference; lastKnownFileType = text.json.xcstrings; name = mul; path = mul.lproj/LaunchScreen.xcstrings; sourceTree = "<group>"; };
		42AD0D7C2B9B132D002B8A48 /* String+Extension.swift */ = {isa = PBXFileReference; lastKnownFileType = sourcecode.swift; path = "String+Extension.swift"; sourceTree = "<group>"; };
		42AD0D7F2B9C695A002B8A48 /* PosterURL.swift */ = {isa = PBXFileReference; lastKnownFileType = sourcecode.swift; path = PosterURL.swift; sourceTree = "<group>"; };
		42AD0D842B9D8BC7002B8A48 /* MovieInfoCollectionViewCell.swift */ = {isa = PBXFileReference; lastKnownFileType = sourcecode.swift; path = MovieInfoCollectionViewCell.swift; sourceTree = "<group>"; };
		42AD0D872B9D95C5002B8A48 /* MainTabBarController.swift */ = {isa = PBXFileReference; lastKnownFileType = sourcecode.swift; path = MainTabBarController.swift; sourceTree = "<group>"; };
		42AD0D892B9DAF55002B8A48 /* UIViewController+Extension.swift */ = {isa = PBXFileReference; lastKnownFileType = sourcecode.swift; path = "UIViewController+Extension.swift"; sourceTree = "<group>"; };
		42B7EC482B9ED56A00AE0F52 /* SettingViewController.swift */ = {isa = PBXFileReference; lastKnownFileType = sourcecode.swift; path = SettingViewController.swift; sourceTree = "<group>"; };
		42B7EC4B2B9ED58B00AE0F52 /* QuizListViewController.swift */ = {isa = PBXFileReference; lastKnownFileType = sourcecode.swift; path = QuizListViewController.swift; sourceTree = "<group>"; };
		42B7EC4E2B9EE69300AE0F52 /* MakeMovieAreaQuizViewController.swift */ = {isa = PBXFileReference; lastKnownFileType = sourcecode.swift; path = MakeMovieAreaQuizViewController.swift; sourceTree = "<group>"; };
		42B7EC502B9EE77B00AE0F52 /* MakeMovieAreaQuizView.swift */ = {isa = PBXFileReference; lastKnownFileType = sourcecode.swift; path = MakeMovieAreaQuizView.swift; sourceTree = "<group>"; };
		42B7EC522B9EF46E00AE0F52 /* SetNicknameViewController.swift */ = {isa = PBXFileReference; lastKnownFileType = sourcecode.swift; path = SetNicknameViewController.swift; sourceTree = "<group>"; };
		42B7EC542B9EF49C00AE0F52 /* SetNicknameView.swift */ = {isa = PBXFileReference; lastKnownFileType = sourcecode.swift; path = SetNicknameView.swift; sourceTree = "<group>"; };
		42B7EC5A2B9EF82200AE0F52 /* RoundImageView.swift */ = {isa = PBXFileReference; lastKnownFileType = sourcecode.swift; path = RoundImageView.swift; sourceTree = "<group>"; };
		42B7EC5C2B9F065200AE0F52 /* UserDefaultsManager.swift */ = {isa = PBXFileReference; lastKnownFileType = sourcecode.swift; path = UserDefaultsManager.swift; sourceTree = "<group>"; };
		42B7EC5E2B9F06E500AE0F52 /* SetNicknameViewModel.swift */ = {isa = PBXFileReference; lastKnownFileType = sourcecode.swift; path = SetNicknameViewModel.swift; sourceTree = "<group>"; };
		42B7EC602B9F0BBD00AE0F52 /* SettingView.swift */ = {isa = PBXFileReference; lastKnownFileType = sourcecode.swift; path = SettingView.swift; sourceTree = "<group>"; };
		42B7EC622B9F0D0000AE0F52 /* ProfileSettingCollectionViewCell.swift */ = {isa = PBXFileReference; lastKnownFileType = sourcecode.swift; path = ProfileSettingCollectionViewCell.swift; sourceTree = "<group>"; };
		42B7EC642B9F119800AE0F52 /* MakerInfo.swift */ = {isa = PBXFileReference; lastKnownFileType = sourcecode.swift; path = MakerInfo.swift; sourceTree = "<group>"; };
/* End PBXFileReference section */

/* Begin PBXFrameworksBuildPhase section */
		42570E492B9983920042B338 /* Frameworks */ = {
			isa = PBXFrameworksBuildPhase;
			buildActionMask = 2147483647;
			files = (
				42AD0D492B9AF8DC002B8A48 /* SnapKit in Frameworks */,
				42AD0D462B9AF8D3002B8A48 /* Kingfisher in Frameworks */,
				42AD0D4C2B9AF8F6002B8A48 /* Realm in Frameworks */,
				42B7EC582B9EF7D100AE0F52 /* TextFieldEffects in Frameworks */,
				42AD0D4E2B9AF8F6002B8A48 /* RealmSwift in Frameworks */,
				42AD0D432B9AF8CD002B8A48 /* Alamofire in Frameworks */,
			);
			runOnlyForDeploymentPostprocessing = 0;
		};
/* End PBXFrameworksBuildPhase section */

/* Begin PBXGroup section */
		42570E432B9983920042B338 = {
			isa = PBXGroup;
			children = (
				42570E632B9986060042B338 /* .gitignore */,
				42570E4E2B9983920042B338 /* UQuiz */,
				42570E4D2B9983920042B338 /* Products */,
			);
			sourceTree = "<group>";
		};
		42570E4D2B9983920042B338 /* Products */ = {
			isa = PBXGroup;
			children = (
				42570E4C2B9983920042B338 /* UQuiz.app */,
			);
			name = Products;
			sourceTree = "<group>";
		};
		42570E4E2B9983920042B338 /* UQuiz */ = {
			isa = PBXGroup;
			children = (
				42570E5D2B9983950042B338 /* Info.plist */,
				42AD0D502B9AF959002B8A48 /* Resources */,
				42AD0D7E2B9B1469002B8A48 /* plist */,
				42AD0D4F2B9AF94C002B8A48 /* App */,
				42AD0D5F2B9AFC0B002B8A48 /* Database */,
				42AD0D6F2B9B0ADE002B8A48 /* Observable */,
				42AD0D5E2B9AFC06002B8A48 /* Model */,
				42AD0D5D2B9AFC00002B8A48 /* Network */,
				42AD0D512B9AF977002B8A48 /* Extension */,
				42AD0D522B9AF97B002B8A48 /* Base */,
				42B7EC592B9EF81700AE0F52 /* CustomView */,
				42AD0D862B9D9075002B8A48 /* TabBar */,
				42AD0D812B9C9A89002B8A48 /* SetNicknameView */,
				42B7EC4A2B9ED57D00AE0F52 /* QuizListView */,
				42AD0D6A2B9B0925002B8A48 /* MovieSearch */,
				42B7EC4D2B9EE67A00AE0F52 /* MakeMovieAreaQuizView */,
				42B7EC472B9ED54200AE0F52 /* SettingView */,
			);
			path = UQuiz;
			sourceTree = "<group>";
		};
		42AD0D4F2B9AF94C002B8A48 /* App */ = {
			isa = PBXGroup;
			children = (
				42570E4F2B9983920042B338 /* AppDelegate.swift */,
				42570E512B9983920042B338 /* SceneDelegate.swift */,
			);
			path = App;
			sourceTree = "<group>";
		};
		42AD0D502B9AF959002B8A48 /* Resources */ = {
			isa = PBXGroup;
			children = (
				42570E5A2B9983950042B338 /* LaunchScreen.storyboard */,
				42570E582B9983950042B338 /* Assets.xcassets */,
			);
			path = Resources;
			sourceTree = "<group>";
		};
		42AD0D512B9AF977002B8A48 /* Extension */ = {
			isa = PBXGroup;
			children = (
				42AD0D592B9AFB9F002B8A48 /* UIColor+Extension.swift */,
				42AD0D5B2B9AFBD6002B8A48 /* UIView+Extension.swift */,
				42AD0D7C2B9B132D002B8A48 /* String+Extension.swift */,
				42AD0D892B9DAF55002B8A48 /* UIViewController+Extension.swift */,
			);
			path = Extension;
			sourceTree = "<group>";
		};
		42AD0D522B9AF97B002B8A48 /* Base */ = {
			isa = PBXGroup;
			children = (
				42AD0D532B9AFA33002B8A48 /* BaseViewController.swift */,
				42AD0D552B9AFAD9002B8A48 /* BaseView.swift */,
				42AD0D572B9AFB53002B8A48 /* BaseCollectionViewCell.swift */,
			);
			path = Base;
			sourceTree = "<group>";
		};
		42AD0D5D2B9AFC00002B8A48 /* Network */ = {
			isa = PBXGroup;
			children = (
				42AD0D682B9B010F002B8A48 /* APIKey.swift */,
				42AD0D642B9B00AD002B8A48 /* TMDBAPIManager.swift */,
				42AD0D662B9B00EE002B8A48 /* Router.swift */,
				42AD0D7F2B9C695A002B8A48 /* PosterURL.swift */,
			);
			path = Network;
			sourceTree = "<group>";
		};
		42AD0D5E2B9AFC06002B8A48 /* Model */ = {
			isa = PBXGroup;
			children = (
				42AD0D602B9AFD0E002B8A48 /* MoviePackage.swift */,
				42AD0D622B9AFDCB002B8A48 /* SearchMovie.swift */,
				42B7EC642B9F119800AE0F52 /* MakerInfo.swift */,
			);
			path = Model;
			sourceTree = "<group>";
		};
		42AD0D5F2B9AFC0B002B8A48 /* Database */ = {
			isa = PBXGroup;
			children = (
				42B7EC5C2B9F065200AE0F52 /* UserDefaultsManager.swift */,
			);
			path = Database;
			sourceTree = "<group>";
		};
		42AD0D6A2B9B0925002B8A48 /* MovieSearch */ = {
			isa = PBXGroup;
			children = (
				42570E532B9983920042B338 /* MovieSearchViewController.swift */,
				42AD0D6B2B9B09AD002B8A48 /* MovieSearchView.swift */,
				42AD0D6D2B9B09E9002B8A48 /* MovieSearchViewModel.swift */,
				42AD0D842B9D8BC7002B8A48 /* MovieInfoCollectionViewCell.swift */,
			);
			path = MovieSearch;
			sourceTree = "<group>";
		};
		42AD0D6F2B9B0ADE002B8A48 /* Observable */ = {
			isa = PBXGroup;
			children = (
				42AD0D702B9B0AEA002B8A48 /* Observable.swift */,
			);
			path = Observable;
			sourceTree = "<group>";
		};
		42AD0D7E2B9B1469002B8A48 /* plist */ = {
			isa = PBXGroup;
			children = (
				42AD0D792B9B1306002B8A48 /* Localizable.xcstrings */,
			);
			path = plist;
			sourceTree = "<group>";
		};
		42AD0D812B9C9A89002B8A48 /* SetNicknameView */ = {
			isa = PBXGroup;
			children = (
				42B7EC522B9EF46E00AE0F52 /* SetNicknameViewController.swift */,
				42B7EC542B9EF49C00AE0F52 /* SetNicknameView.swift */,
				42B7EC5E2B9F06E500AE0F52 /* SetNicknameViewModel.swift */,
			);
			path = SetNicknameView;
			sourceTree = "<group>";
		};
		42AD0D862B9D9075002B8A48 /* TabBar */ = {
			isa = PBXGroup;
			children = (
				42AD0D872B9D95C5002B8A48 /* MainTabBarController.swift */,
			);
			path = TabBar;
			sourceTree = "<group>";
		};
		42B7EC472B9ED54200AE0F52 /* SettingView */ = {
			isa = PBXGroup;
			children = (
				42B7EC482B9ED56A00AE0F52 /* SettingViewController.swift */,
				42B7EC602B9F0BBD00AE0F52 /* SettingView.swift */,
				42B7EC622B9F0D0000AE0F52 /* ProfileSettingCollectionViewCell.swift */,
			);
			path = SettingView;
			sourceTree = "<group>";
		};
		42B7EC4A2B9ED57D00AE0F52 /* QuizListView */ = {
			isa = PBXGroup;
			children = (
				42B7EC4B2B9ED58B00AE0F52 /* QuizListViewController.swift */,
			);
			path = QuizListView;
			sourceTree = "<group>";
		};
		42B7EC4D2B9EE67A00AE0F52 /* MakeMovieAreaQuizView */ = {
			isa = PBXGroup;
			children = (
				42B7EC4E2B9EE69300AE0F52 /* MakeMovieAreaQuizViewController.swift */,
				42B7EC502B9EE77B00AE0F52 /* MakeMovieAreaQuizView.swift */,
			);
			path = MakeMovieAreaQuizView;
			sourceTree = "<group>";
		};
		42B7EC592B9EF81700AE0F52 /* CustomView */ = {
			isa = PBXGroup;
			children = (
				42B7EC5A2B9EF82200AE0F52 /* RoundImageView.swift */,
			);
			path = CustomView;
			sourceTree = "<group>";
		};
/* End PBXGroup section */

/* Begin PBXNativeTarget section */
		42570E4B2B9983920042B338 /* UQuiz */ = {
			isa = PBXNativeTarget;
			buildConfigurationList = 42570E602B9983950042B338 /* Build configuration list for PBXNativeTarget "UQuiz" */;
			buildPhases = (
				42570E482B9983920042B338 /* Sources */,
				42570E492B9983920042B338 /* Frameworks */,
				42570E4A2B9983920042B338 /* Resources */,
			);
			buildRules = (
			);
			dependencies = (
			);
			name = UQuiz;
			packageProductDependencies = (
				42AD0D422B9AF8CD002B8A48 /* Alamofire */,
				42AD0D452B9AF8D3002B8A48 /* Kingfisher */,
				42AD0D482B9AF8DC002B8A48 /* SnapKit */,
				42AD0D4B2B9AF8F6002B8A48 /* Realm */,
				42AD0D4D2B9AF8F6002B8A48 /* RealmSwift */,
				42B7EC572B9EF7D100AE0F52 /* TextFieldEffects */,
			);
			productName = UQuiz;
			productReference = 42570E4C2B9983920042B338 /* UQuiz.app */;
			productType = "com.apple.product-type.application";
		};
/* End PBXNativeTarget section */

/* Begin PBXProject section */
		42570E442B9983920042B338 /* Project object */ = {
			isa = PBXProject;
			attributes = {
				BuildIndependentTargetsInParallel = 1;
				LastSwiftUpdateCheck = 1510;
				LastUpgradeCheck = 1510;
				TargetAttributes = {
					42570E4B2B9983920042B338 = {
						CreatedOnToolsVersion = 15.1;
					};
				};
			};
			buildConfigurationList = 42570E472B9983920042B338 /* Build configuration list for PBXProject "UQuiz" */;
			compatibilityVersion = "Xcode 14.0";
			developmentRegion = en;
			hasScannedForEncodings = 0;
			knownRegions = (
				en,
				Base,
				ko,
			);
			mainGroup = 42570E432B9983920042B338;
			packageReferences = (
				42AD0D412B9AF8CC002B8A48 /* XCRemoteSwiftPackageReference "Alamofire" */,
				42AD0D442B9AF8D3002B8A48 /* XCRemoteSwiftPackageReference "Kingfisher" */,
				42AD0D472B9AF8DC002B8A48 /* XCRemoteSwiftPackageReference "SnapKit" */,
				42AD0D4A2B9AF8F6002B8A48 /* XCRemoteSwiftPackageReference "realm-swift" */,
				42B7EC562B9EF7D100AE0F52 /* XCRemoteSwiftPackageReference "TextFieldEffects" */,
			);
			productRefGroup = 42570E4D2B9983920042B338 /* Products */;
			projectDirPath = "";
			projectRoot = "";
			targets = (
				42570E4B2B9983920042B338 /* UQuiz */,
			);
		};
/* End PBXProject section */

/* Begin PBXResourcesBuildPhase section */
		42570E4A2B9983920042B338 /* Resources */ = {
			isa = PBXResourcesBuildPhase;
			buildActionMask = 2147483647;
			files = (
				42570E642B9986060042B338 /* .gitignore in Resources */,
				42AD0D7A2B9B1306002B8A48 /* Localizable.xcstrings in Resources */,
				42570E5C2B9983950042B338 /* LaunchScreen.storyboard in Resources */,
				42570E592B9983950042B338 /* Assets.xcassets in Resources */,
			);
			runOnlyForDeploymentPostprocessing = 0;
		};
/* End PBXResourcesBuildPhase section */

/* Begin PBXSourcesBuildPhase section */
		42570E482B9983920042B338 /* Sources */ = {
			isa = PBXSourcesBuildPhase;
			buildActionMask = 2147483647;
			files = (
				42AD0D852B9D8BC7002B8A48 /* MovieInfoCollectionViewCell.swift in Sources */,
				42B7EC492B9ED56A00AE0F52 /* SettingViewController.swift in Sources */,
				42AD0D712B9B0AEA002B8A48 /* Observable.swift in Sources */,
				42B7EC552B9EF49C00AE0F52 /* SetNicknameView.swift in Sources */,
				42B7EC612B9F0BBD00AE0F52 /* SettingView.swift in Sources */,
				42AD0D6E2B9B09E9002B8A48 /* MovieSearchViewModel.swift in Sources */,
				42AD0D5A2B9AFB9F002B8A48 /* UIColor+Extension.swift in Sources */,
				42B7EC532B9EF46E00AE0F52 /* SetNicknameViewController.swift in Sources */,
				42AD0D6C2B9B09AD002B8A48 /* MovieSearchView.swift in Sources */,
				42570E542B9983920042B338 /* MovieSearchViewController.swift in Sources */,
				42AD0D652B9B00AD002B8A48 /* TMDBAPIManager.swift in Sources */,
				42AD0D632B9AFDCB002B8A48 /* SearchMovie.swift in Sources */,
				42AD0D5C2B9AFBD6002B8A48 /* UIView+Extension.swift in Sources */,
				42B7EC652B9F119800AE0F52 /* MakerInfo.swift in Sources */,
				42AD0D8A2B9DAF55002B8A48 /* UIViewController+Extension.swift in Sources */,
				42AD0D7D2B9B132D002B8A48 /* String+Extension.swift in Sources */,
				42B7EC512B9EE77B00AE0F52 /* MakeMovieAreaQuizView.swift in Sources */,
				42AD0D672B9B00EE002B8A48 /* Router.swift in Sources */,
				42AD0D542B9AFA33002B8A48 /* BaseViewController.swift in Sources */,
				42AD0D562B9AFAD9002B8A48 /* BaseView.swift in Sources */,
				42AD0D612B9AFD0E002B8A48 /* MoviePackage.swift in Sources */,
				42B7EC4C2B9ED58B00AE0F52 /* QuizListViewController.swift in Sources */,
				42570E502B9983920042B338 /* AppDelegate.swift in Sources */,
				42B7EC5F2B9F06E500AE0F52 /* SetNicknameViewModel.swift in Sources */,
				42B7EC632B9F0D0000AE0F52 /* ProfileSettingCollectionViewCell.swift in Sources */,
				42570E522B9983920042B338 /* SceneDelegate.swift in Sources */,
				42AD0D882B9D95C5002B8A48 /* MainTabBarController.swift in Sources */,
				42B7EC5D2B9F065200AE0F52 /* UserDefaultsManager.swift in Sources */,
				42AD0D802B9C695A002B8A48 /* PosterURL.swift in Sources */,
				42AD0D692B9B010F002B8A48 /* APIKey.swift in Sources */,
				42B7EC5B2B9EF82200AE0F52 /* RoundImageView.swift in Sources */,
				42AD0D582B9AFB53002B8A48 /* BaseCollectionViewCell.swift in Sources */,
				42B7EC4F2B9EE69300AE0F52 /* MakeMovieAreaQuizViewController.swift in Sources */,
			);
			runOnlyForDeploymentPostprocessing = 0;
		};
/* End PBXSourcesBuildPhase section */

/* Begin PBXVariantGroup section */
		42570E5A2B9983950042B338 /* LaunchScreen.storyboard */ = {
			isa = PBXVariantGroup;
			children = (
				42570E5B2B9983950042B338 /* Base */,
				42AD0D7B2B9B1306002B8A48 /* mul */,
			);
			name = LaunchScreen.storyboard;
			sourceTree = "<group>";
		};
/* End PBXVariantGroup section */

/* Begin XCBuildConfiguration section */
		42570E5E2B9983950042B338 /* Debug */ = {
			isa = XCBuildConfiguration;
			buildSettings = {
				ALWAYS_SEARCH_USER_PATHS = NO;
				ASSETCATALOG_COMPILER_GENERATE_SWIFT_ASSET_SYMBOL_EXTENSIONS = YES;
				CLANG_ANALYZER_LOCALIZABILITY_NONLOCALIZED = YES;
				CLANG_ANALYZER_NONNULL = YES;
				CLANG_ANALYZER_NUMBER_OBJECT_CONVERSION = YES_AGGRESSIVE;
				CLANG_CXX_LANGUAGE_STANDARD = "gnu++20";
				CLANG_ENABLE_MODULES = YES;
				CLANG_ENABLE_OBJC_ARC = YES;
				CLANG_ENABLE_OBJC_WEAK = YES;
				CLANG_WARN_BLOCK_CAPTURE_AUTORELEASING = YES;
				CLANG_WARN_BOOL_CONVERSION = YES;
				CLANG_WARN_COMMA = YES;
				CLANG_WARN_CONSTANT_CONVERSION = YES;
				CLANG_WARN_DEPRECATED_OBJC_IMPLEMENTATIONS = YES;
				CLANG_WARN_DIRECT_OBJC_ISA_USAGE = YES_ERROR;
				CLANG_WARN_DOCUMENTATION_COMMENTS = YES;
				CLANG_WARN_EMPTY_BODY = YES;
				CLANG_WARN_ENUM_CONVERSION = YES;
				CLANG_WARN_INFINITE_RECURSION = YES;
				CLANG_WARN_INT_CONVERSION = YES;
				CLANG_WARN_NON_LITERAL_NULL_CONVERSION = YES;
				CLANG_WARN_OBJC_IMPLICIT_RETAIN_SELF = YES;
				CLANG_WARN_OBJC_LITERAL_CONVERSION = YES;
				CLANG_WARN_OBJC_ROOT_CLASS = YES_ERROR;
				CLANG_WARN_QUOTED_INCLUDE_IN_FRAMEWORK_HEADER = YES;
				CLANG_WARN_RANGE_LOOP_ANALYSIS = YES;
				CLANG_WARN_STRICT_PROTOTYPES = YES;
				CLANG_WARN_SUSPICIOUS_MOVE = YES;
				CLANG_WARN_UNGUARDED_AVAILABILITY = YES_AGGRESSIVE;
				CLANG_WARN_UNREACHABLE_CODE = YES;
				CLANG_WARN__DUPLICATE_METHOD_MATCH = YES;
				COPY_PHASE_STRIP = NO;
				DEBUG_INFORMATION_FORMAT = dwarf;
				ENABLE_STRICT_OBJC_MSGSEND = YES;
				ENABLE_TESTABILITY = YES;
				ENABLE_USER_SCRIPT_SANDBOXING = YES;
				GCC_C_LANGUAGE_STANDARD = gnu17;
				GCC_DYNAMIC_NO_PIC = NO;
				GCC_NO_COMMON_BLOCKS = YES;
				GCC_OPTIMIZATION_LEVEL = 0;
				GCC_PREPROCESSOR_DEFINITIONS = (
					"DEBUG=1",
					"$(inherited)",
				);
				GCC_WARN_64_TO_32_BIT_CONVERSION = YES;
				GCC_WARN_ABOUT_RETURN_TYPE = YES_ERROR;
				GCC_WARN_UNDECLARED_SELECTOR = YES;
				GCC_WARN_UNINITIALIZED_AUTOS = YES_AGGRESSIVE;
				GCC_WARN_UNUSED_FUNCTION = YES;
				GCC_WARN_UNUSED_VARIABLE = YES;
				IPHONEOS_DEPLOYMENT_TARGET = 17.2;
				LOCALIZATION_PREFERS_STRING_CATALOGS = YES;
				MTL_ENABLE_DEBUG_INFO = INCLUDE_SOURCE;
				MTL_FAST_MATH = YES;
				ONLY_ACTIVE_ARCH = YES;
				SDKROOT = iphoneos;
				SWIFT_ACTIVE_COMPILATION_CONDITIONS = "DEBUG $(inherited)";
				SWIFT_OPTIMIZATION_LEVEL = "-Onone";
			};
			name = Debug;
		};
		42570E5F2B9983950042B338 /* Release */ = {
			isa = XCBuildConfiguration;
			buildSettings = {
				ALWAYS_SEARCH_USER_PATHS = NO;
				ASSETCATALOG_COMPILER_GENERATE_SWIFT_ASSET_SYMBOL_EXTENSIONS = YES;
				CLANG_ANALYZER_LOCALIZABILITY_NONLOCALIZED = YES;
				CLANG_ANALYZER_NONNULL = YES;
				CLANG_ANALYZER_NUMBER_OBJECT_CONVERSION = YES_AGGRESSIVE;
				CLANG_CXX_LANGUAGE_STANDARD = "gnu++20";
				CLANG_ENABLE_MODULES = YES;
				CLANG_ENABLE_OBJC_ARC = YES;
				CLANG_ENABLE_OBJC_WEAK = YES;
				CLANG_WARN_BLOCK_CAPTURE_AUTORELEASING = YES;
				CLANG_WARN_BOOL_CONVERSION = YES;
				CLANG_WARN_COMMA = YES;
				CLANG_WARN_CONSTANT_CONVERSION = YES;
				CLANG_WARN_DEPRECATED_OBJC_IMPLEMENTATIONS = YES;
				CLANG_WARN_DIRECT_OBJC_ISA_USAGE = YES_ERROR;
				CLANG_WARN_DOCUMENTATION_COMMENTS = YES;
				CLANG_WARN_EMPTY_BODY = YES;
				CLANG_WARN_ENUM_CONVERSION = YES;
				CLANG_WARN_INFINITE_RECURSION = YES;
				CLANG_WARN_INT_CONVERSION = YES;
				CLANG_WARN_NON_LITERAL_NULL_CONVERSION = YES;
				CLANG_WARN_OBJC_IMPLICIT_RETAIN_SELF = YES;
				CLANG_WARN_OBJC_LITERAL_CONVERSION = YES;
				CLANG_WARN_OBJC_ROOT_CLASS = YES_ERROR;
				CLANG_WARN_QUOTED_INCLUDE_IN_FRAMEWORK_HEADER = YES;
				CLANG_WARN_RANGE_LOOP_ANALYSIS = YES;
				CLANG_WARN_STRICT_PROTOTYPES = YES;
				CLANG_WARN_SUSPICIOUS_MOVE = YES;
				CLANG_WARN_UNGUARDED_AVAILABILITY = YES_AGGRESSIVE;
				CLANG_WARN_UNREACHABLE_CODE = YES;
				CLANG_WARN__DUPLICATE_METHOD_MATCH = YES;
				COPY_PHASE_STRIP = NO;
				DEBUG_INFORMATION_FORMAT = "dwarf-with-dsym";
				ENABLE_NS_ASSERTIONS = NO;
				ENABLE_STRICT_OBJC_MSGSEND = YES;
				ENABLE_USER_SCRIPT_SANDBOXING = YES;
				GCC_C_LANGUAGE_STANDARD = gnu17;
				GCC_NO_COMMON_BLOCKS = YES;
				GCC_WARN_64_TO_32_BIT_CONVERSION = YES;
				GCC_WARN_ABOUT_RETURN_TYPE = YES_ERROR;
				GCC_WARN_UNDECLARED_SELECTOR = YES;
				GCC_WARN_UNINITIALIZED_AUTOS = YES_AGGRESSIVE;
				GCC_WARN_UNUSED_FUNCTION = YES;
				GCC_WARN_UNUSED_VARIABLE = YES;
				IPHONEOS_DEPLOYMENT_TARGET = 17.2;
				LOCALIZATION_PREFERS_STRING_CATALOGS = YES;
				MTL_ENABLE_DEBUG_INFO = NO;
				MTL_FAST_MATH = YES;
				SDKROOT = iphoneos;
				SWIFT_COMPILATION_MODE = wholemodule;
				VALIDATE_PRODUCT = YES;
			};
			name = Release;
		};
		42570E612B9983950042B338 /* Debug */ = {
			isa = XCBuildConfiguration;
			buildSettings = {
				ASSETCATALOG_COMPILER_APPICON_NAME = AppIcon;
				ASSETCATALOG_COMPILER_GLOBAL_ACCENT_COLOR_NAME = AccentColor;
				CODE_SIGN_STYLE = Automatic;
				CURRENT_PROJECT_VERSION = 1;
				DEVELOPMENT_TEAM = HR74YJR7W4;
				GENERATE_INFOPLIST_FILE = YES;
				INFOPLIST_FILE = UQuiz/Info.plist;
				INFOPLIST_KEY_UIApplicationSupportsIndirectInputEvents = YES;
				INFOPLIST_KEY_UILaunchStoryboardName = LaunchScreen;
				INFOPLIST_KEY_UISupportedInterfaceOrientations = UIInterfaceOrientationPortrait;
				INFOPLIST_KEY_UISupportedInterfaceOrientations_iPad = "UIInterfaceOrientationPortrait UIInterfaceOrientationPortraitUpsideDown";
				IPHONEOS_DEPLOYMENT_TARGET = 17.0;
				LD_RUNPATH_SEARCH_PATHS = (
					"$(inherited)",
					"@executable_path/Frameworks",
				);
				MARKETING_VERSION = 1.0;
				PRODUCT_BUNDLE_IDENTIFIER = com.greed.UQuiz;
				PRODUCT_NAME = "$(TARGET_NAME)";
				SUPPORTED_PLATFORMS = "iphoneos iphonesimulator";
				SUPPORTS_MACCATALYST = NO;
				SUPPORTS_MAC_DESIGNED_FOR_IPHONE_IPAD = NO;
				SWIFT_EMIT_LOC_STRINGS = YES;
				SWIFT_VERSION = 5.0;
				TARGETED_DEVICE_FAMILY = 1;
			};
			name = Debug;
		};
		42570E622B9983950042B338 /* Release */ = {
			isa = XCBuildConfiguration;
			buildSettings = {
				ASSETCATALOG_COMPILER_APPICON_NAME = AppIcon;
				ASSETCATALOG_COMPILER_GLOBAL_ACCENT_COLOR_NAME = AccentColor;
				CODE_SIGN_STYLE = Automatic;
				CURRENT_PROJECT_VERSION = 1;
				DEVELOPMENT_TEAM = HR74YJR7W4;
				GENERATE_INFOPLIST_FILE = YES;
				INFOPLIST_FILE = UQuiz/Info.plist;
				INFOPLIST_KEY_UIApplicationSupportsIndirectInputEvents = YES;
				INFOPLIST_KEY_UILaunchStoryboardName = LaunchScreen;
				INFOPLIST_KEY_UISupportedInterfaceOrientations = UIInterfaceOrientationPortrait;
				INFOPLIST_KEY_UISupportedInterfaceOrientations_iPad = "UIInterfaceOrientationPortrait UIInterfaceOrientationPortraitUpsideDown";
				IPHONEOS_DEPLOYMENT_TARGET = 17.0;
				LD_RUNPATH_SEARCH_PATHS = (
					"$(inherited)",
					"@executable_path/Frameworks",
				);
				MARKETING_VERSION = 1.0;
				PRODUCT_BUNDLE_IDENTIFIER = com.greed.UQuiz;
				PRODUCT_NAME = "$(TARGET_NAME)";
				SUPPORTED_PLATFORMS = "iphoneos iphonesimulator";
				SUPPORTS_MACCATALYST = NO;
				SUPPORTS_MAC_DESIGNED_FOR_IPHONE_IPAD = NO;
				SWIFT_EMIT_LOC_STRINGS = YES;
				SWIFT_VERSION = 5.0;
				TARGETED_DEVICE_FAMILY = 1;
			};
			name = Release;
		};
/* End XCBuildConfiguration section */

/* Begin XCConfigurationList section */
		42570E472B9983920042B338 /* Build configuration list for PBXProject "UQuiz" */ = {
			isa = XCConfigurationList;
			buildConfigurations = (
				42570E5E2B9983950042B338 /* Debug */,
				42570E5F2B9983950042B338 /* Release */,
			);
			defaultConfigurationIsVisible = 0;
			defaultConfigurationName = Release;
		};
		42570E602B9983950042B338 /* Build configuration list for PBXNativeTarget "UQuiz" */ = {
			isa = XCConfigurationList;
			buildConfigurations = (
				42570E612B9983950042B338 /* Debug */,
				42570E622B9983950042B338 /* Release */,
			);
			defaultConfigurationIsVisible = 0;
			defaultConfigurationName = Release;
		};
/* End XCConfigurationList section */

/* Begin XCRemoteSwiftPackageReference section */
		42AD0D412B9AF8CC002B8A48 /* XCRemoteSwiftPackageReference "Alamofire" */ = {
			isa = XCRemoteSwiftPackageReference;
			repositoryURL = "https://github.com/Alamofire/Alamofire.git";
			requirement = {
				kind = upToNextMajorVersion;
				minimumVersion = 5.9.0;
			};
		};
		42AD0D442B9AF8D3002B8A48 /* XCRemoteSwiftPackageReference "Kingfisher" */ = {
			isa = XCRemoteSwiftPackageReference;
			repositoryURL = "https://github.com/onevcat/Kingfisher";
			requirement = {
				kind = upToNextMajorVersion;
				minimumVersion = 7.11.0;
			};
		};
		42AD0D472B9AF8DC002B8A48 /* XCRemoteSwiftPackageReference "SnapKit" */ = {
			isa = XCRemoteSwiftPackageReference;
			repositoryURL = "https://github.com/SnapKit/SnapKit";
			requirement = {
				kind = upToNextMajorVersion;
				minimumVersion = 5.7.1;
			};
		};
		42AD0D4A2B9AF8F6002B8A48 /* XCRemoteSwiftPackageReference "realm-swift" */ = {
			isa = XCRemoteSwiftPackageReference;
			repositoryURL = "https://github.com/realm/realm-swift.git";
			requirement = {
				branch = master;
				kind = branch;
			};
		};
		42B7EC562B9EF7D100AE0F52 /* XCRemoteSwiftPackageReference "TextFieldEffects" */ = {
			isa = XCRemoteSwiftPackageReference;
			repositoryURL = "https://github.com/raulriera/TextFieldEffects.git";
			requirement = {
				kind = upToNextMajorVersion;
				minimumVersion = 1.7.0;
			};
		};
/* End XCRemoteSwiftPackageReference section */

/* Begin XCSwiftPackageProductDependency section */
		42AD0D422B9AF8CD002B8A48 /* Alamofire */ = {
			isa = XCSwiftPackageProductDependency;
			package = 42AD0D412B9AF8CC002B8A48 /* XCRemoteSwiftPackageReference "Alamofire" */;
			productName = Alamofire;
		};
		42AD0D452B9AF8D3002B8A48 /* Kingfisher */ = {
			isa = XCSwiftPackageProductDependency;
			package = 42AD0D442B9AF8D3002B8A48 /* XCRemoteSwiftPackageReference "Kingfisher" */;
			productName = Kingfisher;
		};
		42AD0D482B9AF8DC002B8A48 /* SnapKit */ = {
			isa = XCSwiftPackageProductDependency;
			package = 42AD0D472B9AF8DC002B8A48 /* XCRemoteSwiftPackageReference "SnapKit" */;
			productName = SnapKit;
		};
		42AD0D4B2B9AF8F6002B8A48 /* Realm */ = {
			isa = XCSwiftPackageProductDependency;
			package = 42AD0D4A2B9AF8F6002B8A48 /* XCRemoteSwiftPackageReference "realm-swift" */;
			productName = Realm;
		};
		42AD0D4D2B9AF8F6002B8A48 /* RealmSwift */ = {
			isa = XCSwiftPackageProductDependency;
			package = 42AD0D4A2B9AF8F6002B8A48 /* XCRemoteSwiftPackageReference "realm-swift" */;
			productName = RealmSwift;
		};
		42B7EC572B9EF7D100AE0F52 /* TextFieldEffects */ = {
			isa = XCSwiftPackageProductDependency;
			package = 42B7EC562B9EF7D100AE0F52 /* XCRemoteSwiftPackageReference "TextFieldEffects" */;
			productName = TextFieldEffects;
		};
/* End XCSwiftPackageProductDependency section */
	};
	rootObject = 42570E442B9983920042B338 /* Project object */;
}
